// !$*UTF8*$!
{
	archiveVersion = 1;
	classes = {
	};
	objectVersion = 45;
	objects = {

/* Begin PBXBuildFile section */
		80D1D73A563E95E7D9FC098A /* soundsysteminterface.cc in Sources */ = {isa = PBXBuildFile; fileRef = A5AC88141A63479A8017F0D9 /* soundsysteminterface.cc */; };
		8DAD6E1CDA5AD808683A2EBD /* platformsoundsystem.cc in Sources */ = {isa = PBXBuildFile; fileRef = A3DF7C769DBE9A7175C81CCD /* platformsoundsystem.cc */; };
		AF3FA4774C7D17D70BB4022C /* platformsoundsystemfactory.cc in Sources */ = {isa = PBXBuildFile; fileRef = ED515A0B6C1147D16B5CB6DC /* platformsoundsystemfactory.cc */; };
		C5A7797C5C87D5D0208CD5D7 /* soundsystemproxy.cc in Sources */ = {isa = PBXBuildFile; fileRef = F747BC2349F08671B34D8F2E /* soundsystemproxy.cc */; };
		CAECF24059D0CB747299107F /* nullsoundsystem.cc in Sources */ = {isa = PBXBuildFile; fileRef = CF7298CA34EBE9AD2A3F7872 /* nullsoundsystem.cc */; };
		CCD8559231CCFD2F0E2CE2FD /* nullsoundsystemfactory.cc in Sources */ = {isa = PBXBuildFile; fileRef = D766E22CB4F01228698A00FE /* nullsoundsystemfactory.cc */; };
/* End PBXBuildFile section */

/* Begin PBXFileReference section */
		1DA68C2215506B98458C0964 /* soundsysteminterface.h */ = {isa = PBXFileReference; lastKnownFileType = sourcecode.c.h; path = soundsysteminterface.h; sourceTree = "<group>"; };
		22B7DBD757ECF805F1EAA9C0 /* sound.gyp */ = {isa = PBXFileReference; explicitFileType = sourcecode; path = sound.gyp; sourceTree = "<group>"; };
		42098E6C7327EE7738649DC5 /* sounddevicelocator.h */ = {isa = PBXFileReference; lastKnownFileType = sourcecode.c.h; path = sounddevicelocator.h; sourceTree = "<group>"; };
		495B9C3C9F35E11E11861AD1 /* soundinputstreaminterface.h */ = {isa = PBXFileReference; lastKnownFileType = sourcecode.c.h; path = soundinputstreaminterface.h; sourceTree = "<group>"; };
		498A3437676ABEED517D48F7 /* nullsoundsystemfactory.h */ = {isa = PBXFileReference; lastKnownFileType = sourcecode.c.h; path = nullsoundsystemfactory.h; sourceTree = "<group>"; };
		5069F3AE33E1CD3B5C703035 /* common.gypi */ = {isa = PBXFileReference; explicitFileType = sourcecode; name = common.gypi; path = ../build/common.gypi; sourceTree = "<group>"; };
		6C73762C2DD4472E2FCC5E82 /* soundsystemfactory.h */ = {isa = PBXFileReference; lastKnownFileType = sourcecode.c.h; path = soundsystemfactory.h; sourceTree = "<group>"; };
		76586F70C988B65C97EB34C7 /* automaticallychosensoundsystem.h */ = {isa = PBXFileReference; lastKnownFileType = sourcecode.c.h; path = automaticallychosensoundsystem.h; sourceTree = "<group>"; };
		77CB78B6B58C1C5719EA2A11 /* platformsoundsystem.h */ = {isa = PBXFileReference; lastKnownFileType = sourcecode.c.h; path = platformsoundsystem.h; sourceTree = "<group>"; };
		8183891FC14E1E8668790BC6 /* nullsoundsystem.h */ = {isa = PBXFileReference; lastKnownFileType = sourcecode.c.h; path = nullsoundsystem.h; sourceTree = "<group>"; };
		89D3B889750AB72818E72072 /* soundoutputstreaminterface.h */ = {isa = PBXFileReference; lastKnownFileType = sourcecode.c.h; path = soundoutputstreaminterface.h; sourceTree = "<group>"; };
		9EED7DD2D1D7DBC8A63F0C0E /* platformsoundsystemfactory.h */ = {isa = PBXFileReference; lastKnownFileType = sourcecode.c.h; path = platformsoundsystemfactory.h; sourceTree = "<group>"; };
		A3DF7C769DBE9A7175C81CCD /* platformsoundsystem.cc */ = {isa = PBXFileReference; lastKnownFileType = sourcecode.cpp.cpp; path = platformsoundsystem.cc; sourceTree = "<group>"; };
		A5AC88141A63479A8017F0D9 /* soundsysteminterface.cc */ = {isa = PBXFileReference; lastKnownFileType = sourcecode.cpp.cpp; path = soundsysteminterface.cc; sourceTree = "<group>"; };
		B35F6D5C2B379E27164D69CA /* soundsystemproxy.h */ = {isa = PBXFileReference; lastKnownFileType = sourcecode.c.h; path = soundsystemproxy.h; sourceTree = "<group>"; };
		C51FAEF56EFBE8850CC0F3A8 /* librtc_sound.a */ = {isa = PBXFileReference; explicitFileType = archive.ar; includeInIndex = 0; path = librtc_sound.a; sourceTree = BUILT_PRODUCTS_DIR; };
		CF7298CA34EBE9AD2A3F7872 /* nullsoundsystem.cc */ = {isa = PBXFileReference; lastKnownFileType = sourcecode.cpp.cpp; path = nullsoundsystem.cc; sourceTree = "<group>"; };
		D766E22CB4F01228698A00FE /* nullsoundsystemfactory.cc */ = {isa = PBXFileReference; lastKnownFileType = sourcecode.cpp.cpp; path = nullsoundsystemfactory.cc; sourceTree = "<group>"; };
		ED515A0B6C1147D16B5CB6DC /* platformsoundsystemfactory.cc */ = {isa = PBXFileReference; lastKnownFileType = sourcecode.cpp.cpp; path = platformsoundsystemfactory.cc; sourceTree = "<group>"; };
		F747BC2349F08671B34D8F2E /* soundsystemproxy.cc */ = {isa = PBXFileReference; lastKnownFileType = sourcecode.cpp.cpp; path = soundsystemproxy.cc; sourceTree = "<group>"; };
/* End PBXFileReference section */

/* Begin PBXFrameworksBuildPhase section */
		23C93994B3D5581EBA585C41 /* Frameworks */ = {
			isa = PBXFrameworksBuildPhase;
			buildActionMask = 2147483647;
			files = (
			);
			runOnlyForDeploymentPostprocessing = 0;
		};
/* End PBXFrameworksBuildPhase section */

/* Begin PBXGroup section */
		129D65729076905C855FC90C /* Source */ = {
			isa = PBXGroup;
			children = (
				76586F70C988B65C97EB34C7 /* automaticallychosensoundsystem.h */,
				CF7298CA34EBE9AD2A3F7872 /* nullsoundsystem.cc */,
				8183891FC14E1E8668790BC6 /* nullsoundsystem.h */,
				D766E22CB4F01228698A00FE /* nullsoundsystemfactory.cc */,
				498A3437676ABEED517D48F7 /* nullsoundsystemfactory.h */,
				A3DF7C769DBE9A7175C81CCD /* platformsoundsystem.cc */,
				77CB78B6B58C1C5719EA2A11 /* platformsoundsystem.h */,
				ED515A0B6C1147D16B5CB6DC /* platformsoundsystemfactory.cc */,
				9EED7DD2D1D7DBC8A63F0C0E /* platformsoundsystemfactory.h */,
				42098E6C7327EE7738649DC5 /* sounddevicelocator.h */,
				495B9C3C9F35E11E11861AD1 /* soundinputstreaminterface.h */,
				89D3B889750AB72818E72072 /* soundoutputstreaminterface.h */,
				6C73762C2DD4472E2FCC5E82 /* soundsystemfactory.h */,
				A5AC88141A63479A8017F0D9 /* soundsysteminterface.cc */,
				1DA68C2215506B98458C0964 /* soundsysteminterface.h */,
				F747BC2349F08671B34D8F2E /* soundsystemproxy.cc */,
				B35F6D5C2B379E27164D69CA /* soundsystemproxy.h */,
			);
			name = Source;
			sourceTree = "<group>";
		};
		24C024B77AEBC2BC67407EBD /* Products */ = {
			isa = PBXGroup;
			children = (
				C51FAEF56EFBE8850CC0F3A8 /* librtc_sound.a */,
			);
			name = Products;
			sourceTree = "<group>";
		};
		5300A1035A6AC5BD30A306BD = {
			isa = PBXGroup;
			children = (
				129D65729076905C855FC90C /* Source */,
				24C024B77AEBC2BC67407EBD /* Products */,
				B8839691CC8FCC21385F3C59 /* Build */,
			);
			sourceTree = "<group>";
		};
		B8839691CC8FCC21385F3C59 /* Build */ = {
			isa = PBXGroup;
			children = (
				5069F3AE33E1CD3B5C703035 /* common.gypi */,
				22B7DBD757ECF805F1EAA9C0 /* sound.gyp */,
			);
			name = Build;
			sourceTree = "<group>";
		};
/* End PBXGroup section */

/* Begin PBXNativeTarget section */
		2F085EDEEB1F569E8EBB30DD /* rtc_sound */ = {
			isa = PBXNativeTarget;
			buildConfigurationList = AD0CD6B1FAE6FD584D217087 /* Build configuration list for PBXNativeTarget "rtc_sound" */;
			buildPhases = (
				8743ECCC3D115C73FD2560DF /* Sources */,
				23C93994B3D5581EBA585C41 /* Frameworks */,
			);
			buildRules = (
			);
			dependencies = (
			);
			name = rtc_sound;
			productName = rtc_sound;
			productReference = C51FAEF56EFBE8850CC0F3A8 /* librtc_sound.a */;
			productType = "com.apple.product-type.library.static";
		};
/* End PBXNativeTarget section */

/* Begin PBXProject section */
		D960F968F6F42B7E448CFB6D /* Project object */ = {
			isa = PBXProject;
			attributes = {
				BuildIndependentTargetsInParallel = YES;
			};
			buildConfigurationList = E7E7F521BD940BF75C9834F6 /* Build configuration list for PBXProject "sound" */;
			compatibilityVersion = "Xcode 3.2";
			hasScannedForEncodings = 1;
			mainGroup = 5300A1035A6AC5BD30A306BD;
			projectDirPath = "";
			projectRoot = "";
			targets = (
				2F085EDEEB1F569E8EBB30DD /* rtc_sound */,
			);
		};
/* End PBXProject section */

/* Begin PBXSourcesBuildPhase section */
		8743ECCC3D115C73FD2560DF /* Sources */ = {
			isa = PBXSourcesBuildPhase;
			buildActionMask = 2147483647;
			files = (
				CAECF24059D0CB747299107F /* nullsoundsystem.cc in Sources */,
				CCD8559231CCFD2F0E2CE2FD /* nullsoundsystemfactory.cc in Sources */,
				8DAD6E1CDA5AD808683A2EBD /* platformsoundsystem.cc in Sources */,
				AF3FA4774C7D17D70BB4022C /* platformsoundsystemfactory.cc in Sources */,
				80D1D73A563E95E7D9FC098A /* soundsysteminterface.cc in Sources */,
				C5A7797C5C87D5D0208CD5D7 /* soundsystemproxy.cc in Sources */,
			);
			runOnlyForDeploymentPostprocessing = 0;
		};
/* End PBXSourcesBuildPhase section */

/* Begin XCBuildConfiguration section */
		436787FFEA188849D1F49D33 /* Debug_Base */ = {
			isa = XCBuildConfiguration;
			buildSettings = {
				EXECUTABLE_PREFIX = lib;
				GCC_PREPROCESSOR_DEFINITIONS = (
					EXPAT_RELATIVE_PATH,
					WEBRTC_MODULE_UTILITY_VIDEO,
					WEBRTC_POSIX,
					WEBRTC_MAC,
					FEATURE_ENABLE_SSL,
					SSL_USE_OPENSSL,
					HAVE_OPENSSL_SSL_H,
					_DEBUG,
				);
				HEADER_SEARCH_PATHS = ../..;
				PRODUCT_NAME = rtc_sound;
			};
			name = Debug_Base;
		};
		E2F6346AF0E597EDCCC244BC /* Debug_Base */ = {
			isa = XCBuildConfiguration;
			buildSettings = {
				INTERMEDIATE_DIR = "$(PROJECT_DERIVED_FILE_DIR)/$(CONFIGURATION)";
				SHARED_INTERMEDIATE_DIR = "$(SYMROOT)/DerivedSources/$(CONFIGURATION)";
			};
			name = Debug_Base;
		};
/* End XCBuildConfiguration section */

/* Begin XCConfigurationList section */
		AD0CD6B1FAE6FD584D217087 /* Build configuration list for PBXNativeTarget "rtc_sound" */ = {
			isa = XCConfigurationList;
			buildConfigurations = (
				436787FFEA188849D1F49D33 /* Debug_Base */,
			);
			defaultConfigurationIsVisible = 1;
			defaultConfigurationName = Debug_Base;
		};
		E7E7F521BD940BF75C9834F6 /* Build configuration list for PBXProject "sound" */ = {
			isa = XCConfigurationList;
			buildConfigurations = (
				E2F6346AF0E597EDCCC244BC /* Debug_Base */,
			);
			defaultConfigurationIsVisible = 1;
			defaultConfigurationName = Debug_Base;
		};
/* End XCConfigurationList section */
	};
	rootObject = D960F968F6F42B7E448CFB6D /* Project object */;
}
