// !$*UTF8*$!
{
	archiveVersion = 1;
	classes = {
	};
	objectVersion = 45;
	objects = {

/* Begin PBXBuildFile section */
		02979F4E0C4F56F5AD159431 /* parsing.cc in Sources */ = {isa = PBXBuildFile; fileRef = BC8EBBBC5E503A01AD6D487E /* parsing.cc */; };
		09E89CDABBC4401F30A0EAE4 /* socketmonitor.cc in Sources */ = {isa = PBXBuildFile; fileRef = D40D50A686E3B2E2C726E3AD /* socketmonitor.cc */; };
		0DF827B63762FBFCD981B143 /* asyncstuntcpsocket.cc in Sources */ = {isa = PBXBuildFile; fileRef = 16A16808FE760670B4280840 /* asyncstuntcpsocket.cc */; };
		1399CA1DA7D6870CAE6D08BA /* turnport.cc in Sources */ = {isa = PBXBuildFile; fileRef = BB076DD079860CBE8C47E855 /* turnport.cc */; };
		190F602E3914F95609379F50 /* constants.cc in Sources */ = {isa = PBXBuildFile; fileRef = 54CCAA7CC5FBA93B1B5EDC8B /* constants.cc */; };
		1B624B3417C706A3E29D39CC /* sessionmanager.cc in Sources */ = {isa = PBXBuildFile; fileRef = 03C3CE7685EE240D7D4050AF /* sessionmanager.cc */; };
		1D5E068A14A964DBF7051C37 /* relayserver.cc in Sources */ = {isa = PBXBuildFile; fileRef = 82F96191BC9D45A147FF4048 /* relayserver.cc */; };
		20422CC1F8F56D8880855086 /* basicpacketsocketfactory.cc in Sources */ = {isa = PBXBuildFile; fileRef = 26EC47660A9AD7981DCA7E24 /* basicpacketsocketfactory.cc */; };
		2232EBEE244EA78735F6D762 /* stun.cc in Sources */ = {isa = PBXBuildFile; fileRef = 6835CFD5B43A8F749EFA9628 /* stun.cc */; };
		2FC7DB19F6520AFBE0E6DCCD /* transportdescriptionfactory.cc in Sources */ = {isa = PBXBuildFile; fileRef = 58BF4723C2F5CC3018235111 /* transportdescriptionfactory.cc */; };
		38194BBB287AD6917D86ED4A /* connectivitychecker.cc in Sources */ = {isa = PBXBuildFile; fileRef = 5E9C4D0A10175BA59C129B68 /* connectivitychecker.cc */; };
		3A588DC1509B2809A1FBF7C5 /* p2ptransport.cc in Sources */ = {isa = PBXBuildFile; fileRef = 99BC853F958AFB0E22FA8565 /* p2ptransport.cc */; };
		3AD6D211218637D249854D8F /* rawtransport.cc in Sources */ = {isa = PBXBuildFile; fileRef = DAC1C69F9CFECCD567701473 /* rawtransport.cc */; };
		3F998F0302F7138AFDC6B2C7 /* transportchannelproxy.cc in Sources */ = {isa = PBXBuildFile; fileRef = 324E0C306BCEA2B30A963472 /* transportchannelproxy.cc */; };
		431A4D2B6A40E1F6165BFB86 /* tcpport.cc in Sources */ = {isa = PBXBuildFile; fileRef = 2238AFC21561499A8336483D /* tcpport.cc */; };
		493E0E03A2D6CD517D2BE5AF /* sessiondescription.cc in Sources */ = {isa = PBXBuildFile; fileRef = 8BFF8F236BE8C0FDD6D6016D /* sessiondescription.cc */; };
		4BEE69B4CC279761D69B4760 /* turnserver.cc in Sources */ = {isa = PBXBuildFile; fileRef = 2EBA447A5BA79A3DB4B961CE /* turnserver.cc */; };
		5B76C3BA76C0E496605D02DE /* rawtransportchannel.cc in Sources */ = {isa = PBXBuildFile; fileRef = 2BE28E1E1CA413AF36AA5F5A /* rawtransportchannel.cc */; };
		636B39124F5A4DF282E9EA5A /* pseudotcp.cc in Sources */ = {isa = PBXBuildFile; fileRef = CD1025C6DC91F61C30758D8A /* pseudotcp.cc */; };
		7073A874CEDFD5B48D9B353F /* dtlstransportchannel.cc in Sources */ = {isa = PBXBuildFile; fileRef = DDE73C1B2CC43B8DA5AD59F1 /* dtlstransportchannel.cc */; };
		735B8FC14994F617207ADFD7 /* portallocatorsessionproxy.cc in Sources */ = {isa = PBXBuildFile; fileRef = 13B7F28BAA30895529165C94 /* portallocatorsessionproxy.cc */; };
		7BE0A14C13F66C054CDEA32E /* basicportallocator.cc in Sources */ = {isa = PBXBuildFile; fileRef = 0AB4292094C09000D9139984 /* basicportallocator.cc */; };
		7D2C7CC2669159671B5A5DE2 /* stunport.cc in Sources */ = {isa = PBXBuildFile; fileRef = 2AD329591F040C0AC6546B28 /* stunport.cc */; };
		81C32638097802B8DCD95FC3 /* port.cc in Sources */ = {isa = PBXBuildFile; fileRef = E53A149BD0E1C5DE3ECD19ED /* port.cc */; };
		912D530B850862AB9A7E19BF /* session.cc in Sources */ = {isa = PBXBuildFile; fileRef = BE294728B4E0A5CE6DFF5731 /* session.cc */; };
		ADFDF679ACB43B260C576530 /* portproxy.cc in Sources */ = {isa = PBXBuildFile; fileRef = A14496F3141BD4D97B517A3F /* portproxy.cc */; };
		B88B9AB335411AD01FDBCDB4 /* p2ptransportchannel.cc in Sources */ = {isa = PBXBuildFile; fileRef = 1D0017C3735BB7CEA7F8F978 /* p2ptransportchannel.cc */; };
		C3A38945DAD61F8DA2765D39 /* portallocator.cc in Sources */ = {isa = PBXBuildFile; fileRef = D50926A537F3C3DF71A4FC47 /* portallocator.cc */; };
		C612AB5E97962ABC6A11C693 /* sessionmessages.cc in Sources */ = {isa = PBXBuildFile; fileRef = F55556F3E284BF944998BAC1 /* sessionmessages.cc */; };
		CE15F724EFBBFB507464E366 /* transportchannel.cc in Sources */ = {isa = PBXBuildFile; fileRef = 332708A520947FA4AA5F8F67 /* transportchannel.cc */; };
		CE2D75F3D56199B378AC692D /* stunserver.cc in Sources */ = {isa = PBXBuildFile; fileRef = 15C63E23C3AE57C04B031914 /* stunserver.cc */; };
		DF37ECB8E96977352734F964 /* stunrequest.cc in Sources */ = {isa = PBXBuildFile; fileRef = B1A1F9A7393BC2A6352D0308 /* stunrequest.cc */; };
		E435D4C7888939B1E2A3CB21 /* transport.cc in Sources */ = {isa = PBXBuildFile; fileRef = C8FE2AA00AEEB608DDEFE532 /* transport.cc */; };
		E6AF923A05E1DCF63FC3318A /* httpportallocator.cc in Sources */ = {isa = PBXBuildFile; fileRef = A79DF6F1E93608FC8D81F150 /* httpportallocator.cc */; };
		EB41FBA2882598CF426A3EDA /* transportdescription.cc in Sources */ = {isa = PBXBuildFile; fileRef = BDF09E2FF7C8A81A983A3B36 /* transportdescription.cc */; };
		FF0E01AE3B6A6E71C99DE96F /* relayport.cc in Sources */ = {isa = PBXBuildFile; fileRef = D909A1ADE9908DE137983BE9 /* relayport.cc */; };
/* End PBXBuildFile section */

/* Begin PBXContainerItemProxy section */
		0FB8591C67434A3503D8DBA9 /* PBXContainerItemProxy */ = {
			isa = PBXContainerItemProxy;
			containerPortal = 09E04E84EF45B1B7B3FC9047 /* base.xcodeproj */;
			proxyType = 2;
			remoteGlobalIDString = 5809C5C10D6E35A589F217D2;
			remoteInfo = rtc_base_approved;
		};
		14DE2CF83315BBF49051BA51 /* PBXContainerItemProxy */ = {
			isa = PBXContainerItemProxy;
			containerPortal = 09E04E84EF45B1B7B3FC9047 /* base.xcodeproj */;
			proxyType = 1;
			remoteGlobalIDString = 7839076A2B30A5986F50637B;
			remoteInfo = webrtc_base;
		};
		A6C5939BE77987BD30274189 /* PBXContainerItemProxy */ = {
			isa = PBXContainerItemProxy;
			containerPortal = 09E04E84EF45B1B7B3FC9047 /* base.xcodeproj */;
			proxyType = 2;
			remoteGlobalIDString = 435B4DF89A1F8BA3CD370591;
			remoteInfo = rtc_base;
		};
/* End PBXContainerItemProxy section */

/* Begin PBXFileReference section */
		014901B6BB9A33C84C138AB7 /* turnport.h */ = {isa = PBXFileReference; lastKnownFileType = sourcecode.c.h; path = turnport.h; sourceTree = "<group>"; };
		03C3CE7685EE240D7D4050AF /* sessionmanager.cc */ = {isa = PBXFileReference; lastKnownFileType = sourcecode.cpp.cpp; path = sessionmanager.cc; sourceTree = "<group>"; };
		09E04E84EF45B1B7B3FC9047 /* base.xcodeproj */ = {isa = PBXFileReference; lastKnownFileType = "wrapper.pb-project"; name = base.xcodeproj; path = ../base/base.xcodeproj; sourceTree = SOURCE_ROOT; };
		0A80FBB207AC6521EE528190 /* autoportallocator.h */ = {isa = PBXFileReference; lastKnownFileType = sourcecode.c.h; path = autoportallocator.h; sourceTree = "<group>"; };
		0AB4292094C09000D9139984 /* basicportallocator.cc */ = {isa = PBXFileReference; lastKnownFileType = sourcecode.cpp.cpp; path = basicportallocator.cc; sourceTree = "<group>"; };
		0CF1DBDC05AA5B992B57BDC9 /* socketmonitor.h */ = {isa = PBXFileReference; lastKnownFileType = sourcecode.c.h; path = socketmonitor.h; sourceTree = "<group>"; };
		0EF7FB25F04CED38A5F94D6F /* common.h */ = {isa = PBXFileReference; lastKnownFileType = sourcecode.c.h; path = common.h; sourceTree = "<group>"; };
		13B7F28BAA30895529165C94 /* portallocatorsessionproxy.cc */ = {isa = PBXFileReference; lastKnownFileType = sourcecode.cpp.cpp; path = portallocatorsessionproxy.cc; sourceTree = "<group>"; };
		15C63E23C3AE57C04B031914 /* stunserver.cc */ = {isa = PBXFileReference; lastKnownFileType = sourcecode.cpp.cpp; path = stunserver.cc; sourceTree = "<group>"; };
		16A16808FE760670B4280840 /* asyncstuntcpsocket.cc */ = {isa = PBXFileReference; lastKnownFileType = sourcecode.cpp.cpp; path = asyncstuntcpsocket.cc; sourceTree = "<group>"; };
		1D0017C3735BB7CEA7F8F978 /* p2ptransportchannel.cc */ = {isa = PBXFileReference; lastKnownFileType = sourcecode.cpp.cpp; path = p2ptransportchannel.cc; sourceTree = "<group>"; };
		21FD7E0C3D80D093203F1193 /* transportdescription.h */ = {isa = PBXFileReference; lastKnownFileType = sourcecode.c.h; path = transportdescription.h; sourceTree = "<group>"; };
		2238AFC21561499A8336483D /* tcpport.cc */ = {isa = PBXFileReference; lastKnownFileType = sourcecode.cpp.cpp; path = tcpport.cc; sourceTree = "<group>"; };
		244781DEE0ABD2D4AC72B141 /* dtlstransportchannel.h */ = {isa = PBXFileReference; lastKnownFileType = sourcecode.c.h; path = dtlstransportchannel.h; sourceTree = "<group>"; };
		26EC47660A9AD7981DCA7E24 /* basicpacketsocketfactory.cc */ = {isa = PBXFileReference; lastKnownFileType = sourcecode.cpp.cpp; path = basicpacketsocketfactory.cc; sourceTree = "<group>"; };
		2AD329591F040C0AC6546B28 /* stunport.cc */ = {isa = PBXFileReference; lastKnownFileType = sourcecode.cpp.cpp; path = stunport.cc; sourceTree = "<group>"; };
		2B5EE36BEF5396F302779B55 /* sessionsendtask.h */ = {isa = PBXFileReference; lastKnownFileType = sourcecode.c.h; path = sessionsendtask.h; sourceTree = "<group>"; };
		2BE28E1E1CA413AF36AA5F5A /* rawtransportchannel.cc */ = {isa = PBXFileReference; lastKnownFileType = sourcecode.cpp.cpp; path = rawtransportchannel.cc; sourceTree = "<group>"; };
		2EBA447A5BA79A3DB4B961CE /* turnserver.cc */ = {isa = PBXFileReference; lastKnownFileType = sourcecode.cpp.cpp; path = turnserver.cc; sourceTree = "<group>"; };
		324E0C306BCEA2B30A963472 /* transportchannelproxy.cc */ = {isa = PBXFileReference; lastKnownFileType = sourcecode.cpp.cpp; path = transportchannelproxy.cc; sourceTree = "<group>"; };
		332708A520947FA4AA5F8F67 /* transportchannel.cc */ = {isa = PBXFileReference; lastKnownFileType = sourcecode.cpp.cpp; path = transportchannel.cc; sourceTree = "<group>"; };
		34511C0618CE4D6DD2A53C6A /* p2ptransport.h */ = {isa = PBXFileReference; lastKnownFileType = sourcecode.c.h; path = p2ptransport.h; sourceTree = "<group>"; };
		405BF51E1DDD41B154114468 /* asyncstuntcpsocket.h */ = {isa = PBXFileReference; lastKnownFileType = sourcecode.c.h; path = asyncstuntcpsocket.h; sourceTree = "<group>"; };
		41A1B52F95350351DB23E794 /* portallocator.h */ = {isa = PBXFileReference; lastKnownFileType = sourcecode.c.h; path = portallocator.h; sourceTree = "<group>"; };
		41AA2DAF57EF18FCA8F38277 /* sessionid.h */ = {isa = PBXFileReference; lastKnownFileType = sourcecode.c.h; path = sessionid.h; sourceTree = "<group>"; };
		4BAD784A9C3DFBBBA2C27AA5 /* transportdescriptionfactory.h */ = {isa = PBXFileReference; lastKnownFileType = sourcecode.c.h; path = transportdescriptionfactory.h; sourceTree = "<group>"; };
		52C0AC7942D51C1374B52872 /* sessiondescription.h */ = {isa = PBXFileReference; lastKnownFileType = sourcecode.c.h; path = sessiondescription.h; sourceTree = "<group>"; };
		54CCAA7CC5FBA93B1B5EDC8B /* constants.cc */ = {isa = PBXFileReference; lastKnownFileType = sourcecode.cpp.cpp; path = constants.cc; sourceTree = "<group>"; };
		58BF4723C2F5CC3018235111 /* transportdescriptionfactory.cc */ = {isa = PBXFileReference; lastKnownFileType = sourcecode.cpp.cpp; path = transportdescriptionfactory.cc; sourceTree = "<group>"; };
		58EDC158E1C62E43983F3268 /* sessionmessages.h */ = {isa = PBXFileReference; lastKnownFileType = sourcecode.c.h; path = sessionmessages.h; sourceTree = "<group>"; };
		5AF00F8CF68FAA3F56A339F6 /* stunrequest.h */ = {isa = PBXFileReference; lastKnownFileType = sourcecode.c.h; path = stunrequest.h; sourceTree = "<group>"; };
		5E9C4D0A10175BA59C129B68 /* connectivitychecker.cc */ = {isa = PBXFileReference; lastKnownFileType = sourcecode.cpp.cpp; path = connectivitychecker.cc; sourceTree = "<group>"; };
		5FDAD452E004B41806B1A4E2 /* udpport.h */ = {isa = PBXFileReference; lastKnownFileType = sourcecode.c.h; path = udpport.h; sourceTree = "<group>"; };
		6835CFD5B43A8F749EFA9628 /* stun.cc */ = {isa = PBXFileReference; lastKnownFileType = sourcecode.cpp.cpp; path = stun.cc; sourceTree = "<group>"; };
		6841B0314E513A774710B128 /* constants.h */ = {isa = PBXFileReference; lastKnownFileType = sourcecode.c.h; path = constants.h; sourceTree = "<group>"; };
		68ABEF76478EB710BA65023C /* basicportallocator.h */ = {isa = PBXFileReference; lastKnownFileType = sourcecode.c.h; path = basicportallocator.h; sourceTree = "<group>"; };
		69009645A447805DE03ADE79 /* candidate.h */ = {isa = PBXFileReference; lastKnownFileType = sourcecode.c.h; path = candidate.h; sourceTree = "<group>"; };
		69EB2F7504ECFA727B421C7D /* transportinfo.h */ = {isa = PBXFileReference; lastKnownFileType = sourcecode.c.h; path = transportinfo.h; sourceTree = "<group>"; };
		75CAA7C1D92570E9184EFC26 /* relayserver.h */ = {isa = PBXFileReference; lastKnownFileType = sourcecode.c.h; path = relayserver.h; sourceTree = "<group>"; };
		7CE30C87A71A33C04E3A432C /* stun.h */ = {isa = PBXFileReference; lastKnownFileType = sourcecode.c.h; path = stun.h; sourceTree = "<group>"; };
		7D9E4D3BED034CB3461EBFFF /* rawtransportchannel.h */ = {isa = PBXFileReference; lastKnownFileType = sourcecode.c.h; path = rawtransportchannel.h; sourceTree = "<group>"; };
		82080A98882B18D188A5971A /* sessionmanager.h */ = {isa = PBXFileReference; lastKnownFileType = sourcecode.c.h; path = sessionmanager.h; sourceTree = "<group>"; };
		82F96191BC9D45A147FF4048 /* relayserver.cc */ = {isa = PBXFileReference; lastKnownFileType = sourcecode.cpp.cpp; path = relayserver.cc; sourceTree = "<group>"; };
		8476983EA3BF19F163AF4B91 /* basicpacketsocketfactory.h */ = {isa = PBXFileReference; lastKnownFileType = sourcecode.c.h; path = basicpacketsocketfactory.h; sourceTree = "<group>"; };
		869E270C124024A21D793290 /* p2p.gyp */ = {isa = PBXFileReference; explicitFileType = sourcecode; path = p2p.gyp; sourceTree = "<group>"; };
		8BFF8F236BE8C0FDD6D6016D /* sessiondescription.cc */ = {isa = PBXFileReference; lastKnownFileType = sourcecode.cpp.cpp; path = sessiondescription.cc; sourceTree = "<group>"; };
		8DD419669AF42D04C7E1343E /* port.h */ = {isa = PBXFileReference; lastKnownFileType = sourcecode.c.h; path = port.h; sourceTree = "<group>"; };
		99BC853F958AFB0E22FA8565 /* p2ptransport.cc */ = {isa = PBXFileReference; lastKnownFileType = sourcecode.cpp.cpp; path = p2ptransport.cc; sourceTree = "<group>"; };
		A14496F3141BD4D97B517A3F /* portproxy.cc */ = {isa = PBXFileReference; lastKnownFileType = sourcecode.cpp.cpp; path = portproxy.cc; sourceTree = "<group>"; };
		A4F042079A41A4C503AC931D /* rawtransport.h */ = {isa = PBXFileReference; lastKnownFileType = sourcecode.c.h; path = rawtransport.h; sourceTree = "<group>"; };
		A5E114F12A729869A8779F3B /* p2ptransportchannel.h */ = {isa = PBXFileReference; lastKnownFileType = sourcecode.c.h; path = p2ptransportchannel.h; sourceTree = "<group>"; };
		A79687225547340C7D53AC07 /* transportchannelimpl.h */ = {isa = PBXFileReference; lastKnownFileType = sourcecode.c.h; path = transportchannelimpl.h; sourceTree = "<group>"; };
		A79DF6F1E93608FC8D81F150 /* httpportallocator.cc */ = {isa = PBXFileReference; lastKnownFileType = sourcecode.cpp.cpp; path = httpportallocator.cc; sourceTree = "<group>"; };
		AC96788F9C262BD79D733477 /* transport.h */ = {isa = PBXFileReference; lastKnownFileType = sourcecode.c.h; path = transport.h; sourceTree = "<group>"; };
		B1A1F9A7393BC2A6352D0308 /* stunrequest.cc */ = {isa = PBXFileReference; lastKnownFileType = sourcecode.cpp.cpp; path = stunrequest.cc; sourceTree = "<group>"; };
		B1C787165A80192A28FE7EFF /* tcpport.h */ = {isa = PBXFileReference; lastKnownFileType = sourcecode.c.h; path = tcpport.h; sourceTree = "<group>"; };
		BB076DD079860CBE8C47E855 /* turnport.cc */ = {isa = PBXFileReference; lastKnownFileType = sourcecode.cpp.cpp; path = turnport.cc; sourceTree = "<group>"; };
		BC8EBBBC5E503A01AD6D487E /* parsing.cc */ = {isa = PBXFileReference; lastKnownFileType = sourcecode.cpp.cpp; path = parsing.cc; sourceTree = "<group>"; };
		BDC2B4398E8C8C80AA21FA8B /* common.gypi */ = {isa = PBXFileReference; explicitFileType = sourcecode; name = common.gypi; path = ../build/common.gypi; sourceTree = "<group>"; };
		BDF09E2FF7C8A81A983A3B36 /* transportdescription.cc */ = {isa = PBXFileReference; lastKnownFileType = sourcecode.cpp.cpp; path = transportdescription.cc; sourceTree = "<group>"; };
		BE294728B4E0A5CE6DFF5731 /* session.cc */ = {isa = PBXFileReference; lastKnownFileType = sourcecode.cpp.cpp; path = session.cc; sourceTree = "<group>"; };
		C06C13853DF8FB7F7F2B22A0 /* transportchannel.h */ = {isa = PBXFileReference; lastKnownFileType = sourcecode.c.h; path = transportchannel.h; sourceTree = "<group>"; };
		C8FE2AA00AEEB608DDEFE532 /* transport.cc */ = {isa = PBXFileReference; lastKnownFileType = sourcecode.cpp.cpp; path = transport.cc; sourceTree = "<group>"; };
		CA60E880EF8114CDCD0562F0 /* transportchannelproxy.h */ = {isa = PBXFileReference; lastKnownFileType = sourcecode.c.h; path = transportchannelproxy.h; sourceTree = "<group>"; };
		CA64B368A749317EFF0DD5E6 /* sessionclient.h */ = {isa = PBXFileReference; lastKnownFileType = sourcecode.c.h; path = sessionclient.h; sourceTree = "<group>"; };
		CD1025C6DC91F61C30758D8A /* pseudotcp.cc */ = {isa = PBXFileReference; lastKnownFileType = sourcecode.cpp.cpp; path = pseudotcp.cc; sourceTree = "<group>"; };
		CE4E466A083858DB03BE93DF /* parsing.h */ = {isa = PBXFileReference; lastKnownFileType = sourcecode.c.h; path = parsing.h; sourceTree = "<group>"; };
		CF4694B7938687EEBD612165 /* stunport.h */ = {isa = PBXFileReference; lastKnownFileType = sourcecode.c.h; path = stunport.h; sourceTree = "<group>"; };
		D40D50A686E3B2E2C726E3AD /* socketmonitor.cc */ = {isa = PBXFileReference; lastKnownFileType = sourcecode.cpp.cpp; path = socketmonitor.cc; sourceTree = "<group>"; };
		D50926A537F3C3DF71A4FC47 /* portallocator.cc */ = {isa = PBXFileReference; lastKnownFileType = sourcecode.cpp.cpp; path = portallocator.cc; sourceTree = "<group>"; };
		D7E67C52EF05A491BAACD9B5 /* packetsocketfactory.h */ = {isa = PBXFileReference; lastKnownFileType = sourcecode.c.h; path = packetsocketfactory.h; sourceTree = "<group>"; };
		D909A1ADE9908DE137983BE9 /* relayport.cc */ = {isa = PBXFileReference; lastKnownFileType = sourcecode.cpp.cpp; path = relayport.cc; sourceTree = "<group>"; };
		DAC1C69F9CFECCD567701473 /* rawtransport.cc */ = {isa = PBXFileReference; lastKnownFileType = sourcecode.cpp.cpp; path = rawtransport.cc; sourceTree = "<group>"; };
		DDE73C1B2CC43B8DA5AD59F1 /* dtlstransportchannel.cc */ = {isa = PBXFileReference; lastKnownFileType = sourcecode.cpp.cpp; path = dtlstransportchannel.cc; sourceTree = "<group>"; };
		DEE31413A813434BDA01D9F3 /* httpportallocator.h */ = {isa = PBXFileReference; lastKnownFileType = sourcecode.c.h; path = httpportallocator.h; sourceTree = "<group>"; };
		E0EFE32DAD1CBD31A771CEA7 /* connectivitychecker.h */ = {isa = PBXFileReference; lastKnownFileType = sourcecode.c.h; path = connectivitychecker.h; sourceTree = "<group>"; };
		E3864852EC42F1EB2E82DFB0 /* turnserver.h */ = {isa = PBXFileReference; lastKnownFileType = sourcecode.c.h; path = turnserver.h; sourceTree = "<group>"; };
		E53A149BD0E1C5DE3ECD19ED /* port.cc */ = {isa = PBXFileReference; lastKnownFileType = sourcecode.cpp.cpp; path = port.cc; sourceTree = "<group>"; };
		E80750A00AC65DB556459D78 /* librtc_p2p.a */ = {isa = PBXFileReference; explicitFileType = archive.ar; includeInIndex = 0; path = librtc_p2p.a; sourceTree = BUILT_PRODUCTS_DIR; };
		EAEE55FC87139C50D2C117D0 /* sessionmanagertask.h */ = {isa = PBXFileReference; lastKnownFileType = sourcecode.c.h; path = sessionmanagertask.h; sourceTree = "<group>"; };
		EB397AC845AC958ECFCD9BBC /* portallocatorsessionproxy.h */ = {isa = PBXFileReference; lastKnownFileType = sourcecode.c.h; path = portallocatorsessionproxy.h; sourceTree = "<group>"; };
		ECA18020BA2D3E4BC34818EF /* portproxy.h */ = {isa = PBXFileReference; lastKnownFileType = sourcecode.c.h; path = portproxy.h; sourceTree = "<group>"; };
		F290CBF401D51AC48B5F426F /* relayport.h */ = {isa = PBXFileReference; lastKnownFileType = sourcecode.c.h; path = relayport.h; sourceTree = "<group>"; };
		F55556F3E284BF944998BAC1 /* sessionmessages.cc */ = {isa = PBXFileReference; lastKnownFileType = sourcecode.cpp.cpp; path = sessionmessages.cc; sourceTree = "<group>"; };
		F75DF79718BCAB81EFBBFCCA /* stunserver.h */ = {isa = PBXFileReference; lastKnownFileType = sourcecode.c.h; path = stunserver.h; sourceTree = "<group>"; };
		F80CBCBE79306E869D8DD45C /* pseudotcp.h */ = {isa = PBXFileReference; lastKnownFileType = sourcecode.c.h; path = pseudotcp.h; sourceTree = "<group>"; };
		FEAA6950D7FED7B08566EB74 /* session.h */ = {isa = PBXFileReference; lastKnownFileType = sourcecode.c.h; path = session.h; sourceTree = "<group>"; };
		FF43C6FE59DB3AE68A312ADD /* portinterface.h */ = {isa = PBXFileReference; lastKnownFileType = sourcecode.c.h; path = portinterface.h; sourceTree = "<group>"; };
/* End PBXFileReference section */

/* Begin PBXFrameworksBuildPhase section */
		FF479942EBE21C815A0F4197 /* Frameworks */ = {
			isa = PBXFrameworksBuildPhase;
			buildActionMask = 2147483647;
			files = (
			);
			runOnlyForDeploymentPostprocessing = 0;
		};
/* End PBXFrameworksBuildPhase section */

/* Begin PBXGroup section */
		06D27454B70D8A143AE7CD01 /* Products */ = {
			isa = PBXGroup;
			children = (
				A0A511A075701F81846F4825 /* librtc_base_approved.a */,
				FE038173760FC10655987466 /* librtc_base.a */,
			);
			name = Products;
			sourceTree = "<group>";
		};
		142638644153CA8927B24367 /* Source */ = {
			isa = PBXGroup;
			children = (
				3DEA5002A07905BC59670886 /* base */,
				B6748636EA1FB981E53F7889 /* client */,
			);
			name = Source;
			sourceTree = "<group>";
		};
		3DEA5002A07905BC59670886 /* base */ = {
			isa = PBXGroup;
			children = (
				16A16808FE760670B4280840 /* asyncstuntcpsocket.cc */,
				405BF51E1DDD41B154114468 /* asyncstuntcpsocket.h */,
				26EC47660A9AD7981DCA7E24 /* basicpacketsocketfactory.cc */,
				8476983EA3BF19F163AF4B91 /* basicpacketsocketfactory.h */,
				69009645A447805DE03ADE79 /* candidate.h */,
				0EF7FB25F04CED38A5F94D6F /* common.h */,
				54CCAA7CC5FBA93B1B5EDC8B /* constants.cc */,
				6841B0314E513A774710B128 /* constants.h */,
				DDE73C1B2CC43B8DA5AD59F1 /* dtlstransportchannel.cc */,
				244781DEE0ABD2D4AC72B141 /* dtlstransportchannel.h */,
				99BC853F958AFB0E22FA8565 /* p2ptransport.cc */,
				34511C0618CE4D6DD2A53C6A /* p2ptransport.h */,
				1D0017C3735BB7CEA7F8F978 /* p2ptransportchannel.cc */,
				A5E114F12A729869A8779F3B /* p2ptransportchannel.h */,
				D7E67C52EF05A491BAACD9B5 /* packetsocketfactory.h */,
				BC8EBBBC5E503A01AD6D487E /* parsing.cc */,
				CE4E466A083858DB03BE93DF /* parsing.h */,
				E53A149BD0E1C5DE3ECD19ED /* port.cc */,
				8DD419669AF42D04C7E1343E /* port.h */,
				D50926A537F3C3DF71A4FC47 /* portallocator.cc */,
				41A1B52F95350351DB23E794 /* portallocator.h */,
				13B7F28BAA30895529165C94 /* portallocatorsessionproxy.cc */,
				EB397AC845AC958ECFCD9BBC /* portallocatorsessionproxy.h */,
				FF43C6FE59DB3AE68A312ADD /* portinterface.h */,
				A14496F3141BD4D97B517A3F /* portproxy.cc */,
				ECA18020BA2D3E4BC34818EF /* portproxy.h */,
				CD1025C6DC91F61C30758D8A /* pseudotcp.cc */,
				F80CBCBE79306E869D8DD45C /* pseudotcp.h */,
				DAC1C69F9CFECCD567701473 /* rawtransport.cc */,
				A4F042079A41A4C503AC931D /* rawtransport.h */,
				2BE28E1E1CA413AF36AA5F5A /* rawtransportchannel.cc */,
				7D9E4D3BED034CB3461EBFFF /* rawtransportchannel.h */,
				D909A1ADE9908DE137983BE9 /* relayport.cc */,
				F290CBF401D51AC48B5F426F /* relayport.h */,
				82F96191BC9D45A147FF4048 /* relayserver.cc */,
				75CAA7C1D92570E9184EFC26 /* relayserver.h */,
				BE294728B4E0A5CE6DFF5731 /* session.cc */,
				FEAA6950D7FED7B08566EB74 /* session.h */,
				CA64B368A749317EFF0DD5E6 /* sessionclient.h */,
				8BFF8F236BE8C0FDD6D6016D /* sessiondescription.cc */,
				52C0AC7942D51C1374B52872 /* sessiondescription.h */,
				41AA2DAF57EF18FCA8F38277 /* sessionid.h */,
				03C3CE7685EE240D7D4050AF /* sessionmanager.cc */,
				82080A98882B18D188A5971A /* sessionmanager.h */,
				F55556F3E284BF944998BAC1 /* sessionmessages.cc */,
				58EDC158E1C62E43983F3268 /* sessionmessages.h */,
				6835CFD5B43A8F749EFA9628 /* stun.cc */,
				7CE30C87A71A33C04E3A432C /* stun.h */,
				2AD329591F040C0AC6546B28 /* stunport.cc */,
				CF4694B7938687EEBD612165 /* stunport.h */,
				B1A1F9A7393BC2A6352D0308 /* stunrequest.cc */,
				5AF00F8CF68FAA3F56A339F6 /* stunrequest.h */,
				15C63E23C3AE57C04B031914 /* stunserver.cc */,
				F75DF79718BCAB81EFBBFCCA /* stunserver.h */,
				2238AFC21561499A8336483D /* tcpport.cc */,
				B1C787165A80192A28FE7EFF /* tcpport.h */,
				C8FE2AA00AEEB608DDEFE532 /* transport.cc */,
				AC96788F9C262BD79D733477 /* transport.h */,
				332708A520947FA4AA5F8F67 /* transportchannel.cc */,
				C06C13853DF8FB7F7F2B22A0 /* transportchannel.h */,
				A79687225547340C7D53AC07 /* transportchannelimpl.h */,
				324E0C306BCEA2B30A963472 /* transportchannelproxy.cc */,
				CA60E880EF8114CDCD0562F0 /* transportchannelproxy.h */,
				BDF09E2FF7C8A81A983A3B36 /* transportdescription.cc */,
				21FD7E0C3D80D093203F1193 /* transportdescription.h */,
				58BF4723C2F5CC3018235111 /* transportdescriptionfactory.cc */,
				4BAD784A9C3DFBBBA2C27AA5 /* transportdescriptionfactory.h */,
				69EB2F7504ECFA727B421C7D /* transportinfo.h */,
				BB076DD079860CBE8C47E855 /* turnport.cc */,
				014901B6BB9A33C84C138AB7 /* turnport.h */,
				2EBA447A5BA79A3DB4B961CE /* turnserver.cc */,
				E3864852EC42F1EB2E82DFB0 /* turnserver.h */,
				5FDAD452E004B41806B1A4E2 /* udpport.h */,
			);
			path = base;
			sourceTree = "<group>";
		};
		5A9DF84C812990F0FCA7D181 /* Projects */ = {
			isa = PBXGroup;
			children = (
				09E04E84EF45B1B7B3FC9047 /* base.xcodeproj */,
			);
			name = Projects;
			sourceTree = "<group>";
		};
		8134B4EA23B2B824FD6AAE1B /* Build */ = {
			isa = PBXGroup;
			children = (
				BDC2B4398E8C8C80AA21FA8B /* common.gypi */,
				869E270C124024A21D793290 /* p2p.gyp */,
			);
			name = Build;
			sourceTree = "<group>";
		};
		99BA3BFC1AD2504EEF5F34E4 = {
			isa = PBXGroup;
			children = (
				142638644153CA8927B24367 /* Source */,
				5A9DF84C812990F0FCA7D181 /* Projects */,
				DF66E14402473DA2FDF931FB /* Products */,
				8134B4EA23B2B824FD6AAE1B /* Build */,
			);
			sourceTree = "<group>";
		};
		B6748636EA1FB981E53F7889 /* client */ = {
			isa = PBXGroup;
			children = (
				0A80FBB207AC6521EE528190 /* autoportallocator.h */,
				0AB4292094C09000D9139984 /* basicportallocator.cc */,
				68ABEF76478EB710BA65023C /* basicportallocator.h */,
				5E9C4D0A10175BA59C129B68 /* connectivitychecker.cc */,
				E0EFE32DAD1CBD31A771CEA7 /* connectivitychecker.h */,
				A79DF6F1E93608FC8D81F150 /* httpportallocator.cc */,
				DEE31413A813434BDA01D9F3 /* httpportallocator.h */,
				EAEE55FC87139C50D2C117D0 /* sessionmanagertask.h */,
				2B5EE36BEF5396F302779B55 /* sessionsendtask.h */,
				D40D50A686E3B2E2C726E3AD /* socketmonitor.cc */,
				0CF1DBDC05AA5B992B57BDC9 /* socketmonitor.h */,
			);
			path = client;
			sourceTree = "<group>";
		};
		DF66E14402473DA2FDF931FB /* Products */ = {
			isa = PBXGroup;
			children = (
				E80750A00AC65DB556459D78 /* librtc_p2p.a */,
			);
			name = Products;
			sourceTree = "<group>";
		};
/* End PBXGroup section */

/* Begin PBXNativeTarget section */
		4C2D90CF8BDE10313BAE2BC9 /* rtc_p2p */ = {
			isa = PBXNativeTarget;
			buildConfigurationList = 2BBEB444D6A1EF32A43A3EC2 /* Build configuration list for PBXNativeTarget "rtc_p2p" */;
			buildPhases = (
				7A1C608AEFB434C902C9B158 /* Sources */,
				FF479942EBE21C815A0F4197 /* Frameworks */,
			);
			buildRules = (
			);
			dependencies = (
				B16F94A4B18176D23FB7AAB8 /* PBXTargetDependency */,
			);
			name = rtc_p2p;
			productName = rtc_p2p;
			productReference = E80750A00AC65DB556459D78 /* librtc_p2p.a */;
			productType = "com.apple.product-type.library.static";
		};
/* End PBXNativeTarget section */

/* Begin PBXProject section */
		03D00F17D88144A11AAC6A48 /* Project object */ = {
			isa = PBXProject;
			attributes = {
				BuildIndependentTargetsInParallel = YES;
			};
			buildConfigurationList = 40AC64EB9F5526D19445C128 /* Build configuration list for PBXProject "p2p" */;
			compatibilityVersion = "Xcode 3.2";
			hasScannedForEncodings = 1;
			mainGroup = 99BA3BFC1AD2504EEF5F34E4;
			projectDirPath = "";
			projectReferences = (
				{
					ProductGroup = 06D27454B70D8A143AE7CD01 /* Products */;
					ProjectRef = 09E04E84EF45B1B7B3FC9047 /* base.xcodeproj */;
				},
			);
			projectRoot = "";
			targets = (
				4C2D90CF8BDE10313BAE2BC9 /* rtc_p2p */,
			);
		};
/* End PBXProject section */

/* Begin PBXReferenceProxy section */
		A0A511A075701F81846F4825 /* librtc_base_approved.a */ = {
			isa = PBXReferenceProxy;
			fileType = archive.ar;
			path = librtc_base_approved.a;
			remoteRef = 0FB8591C67434A3503D8DBA9 /* PBXContainerItemProxy */;
			sourceTree = BUILT_PRODUCTS_DIR;
		};
		FE038173760FC10655987466 /* librtc_base.a */ = {
			isa = PBXReferenceProxy;
			fileType = archive.ar;
			path = librtc_base.a;
			remoteRef = A6C5939BE77987BD30274189 /* PBXContainerItemProxy */;
			sourceTree = BUILT_PRODUCTS_DIR;
		};
/* End PBXReferenceProxy section */

/* Begin PBXSourcesBuildPhase section */
		7A1C608AEFB434C902C9B158 /* Sources */ = {
			isa = PBXSourcesBuildPhase;
			buildActionMask = 2147483647;
			files = (
				0DF827B63762FBFCD981B143 /* asyncstuntcpsocket.cc in Sources */,
				20422CC1F8F56D8880855086 /* basicpacketsocketfactory.cc in Sources */,
				190F602E3914F95609379F50 /* constants.cc in Sources */,
				7073A874CEDFD5B48D9B353F /* dtlstransportchannel.cc in Sources */,
				3A588DC1509B2809A1FBF7C5 /* p2ptransport.cc in Sources */,
				B88B9AB335411AD01FDBCDB4 /* p2ptransportchannel.cc in Sources */,
				02979F4E0C4F56F5AD159431 /* parsing.cc in Sources */,
				81C32638097802B8DCD95FC3 /* port.cc in Sources */,
				C3A38945DAD61F8DA2765D39 /* portallocator.cc in Sources */,
				735B8FC14994F617207ADFD7 /* portallocatorsessionproxy.cc in Sources */,
				ADFDF679ACB43B260C576530 /* portproxy.cc in Sources */,
				636B39124F5A4DF282E9EA5A /* pseudotcp.cc in Sources */,
				3AD6D211218637D249854D8F /* rawtransport.cc in Sources */,
				5B76C3BA76C0E496605D02DE /* rawtransportchannel.cc in Sources */,
				FF0E01AE3B6A6E71C99DE96F /* relayport.cc in Sources */,
				1D5E068A14A964DBF7051C37 /* relayserver.cc in Sources */,
				912D530B850862AB9A7E19BF /* session.cc in Sources */,
				493E0E03A2D6CD517D2BE5AF /* sessiondescription.cc in Sources */,
				1B624B3417C706A3E29D39CC /* sessionmanager.cc in Sources */,
				C612AB5E97962ABC6A11C693 /* sessionmessages.cc in Sources */,
				2232EBEE244EA78735F6D762 /* stun.cc in Sources */,
				7D2C7CC2669159671B5A5DE2 /* stunport.cc in Sources */,
				DF37ECB8E96977352734F964 /* stunrequest.cc in Sources */,
				CE2D75F3D56199B378AC692D /* stunserver.cc in Sources */,
				431A4D2B6A40E1F6165BFB86 /* tcpport.cc in Sources */,
				E435D4C7888939B1E2A3CB21 /* transport.cc in Sources */,
				CE15F724EFBBFB507464E366 /* transportchannel.cc in Sources */,
				3F998F0302F7138AFDC6B2C7 /* transportchannelproxy.cc in Sources */,
				EB41FBA2882598CF426A3EDA /* transportdescription.cc in Sources */,
				2FC7DB19F6520AFBE0E6DCCD /* transportdescriptionfactory.cc in Sources */,
				1399CA1DA7D6870CAE6D08BA /* turnport.cc in Sources */,
				4BEE69B4CC279761D69B4760 /* turnserver.cc in Sources */,
				7BE0A14C13F66C054CDEA32E /* basicportallocator.cc in Sources */,
				38194BBB287AD6917D86ED4A /* connectivitychecker.cc in Sources */,
				E6AF923A05E1DCF63FC3318A /* httpportallocator.cc in Sources */,
				09E89CDABBC4401F30A0EAE4 /* socketmonitor.cc in Sources */,
			);
			runOnlyForDeploymentPostprocessing = 0;
		};
/* End PBXSourcesBuildPhase section */

/* Begin PBXTargetDependency section */
		B16F94A4B18176D23FB7AAB8 /* PBXTargetDependency */ = {
			isa = PBXTargetDependency;
			name = webrtc_base;
			targetProxy = 14DE2CF83315BBF49051BA51 /* PBXContainerItemProxy */;
		};
/* End PBXTargetDependency section */

/* Begin XCBuildConfiguration section */
		1973860D4524C3F03B5AF3A8 /* Debug_Base */ = {
			isa = XCBuildConfiguration;
			buildSettings = {
				INTERMEDIATE_DIR = "$(PROJECT_DERIVED_FILE_DIR)/$(CONFIGURATION)";
				SHARED_INTERMEDIATE_DIR = "$(SYMROOT)/DerivedSources/$(CONFIGURATION)";
			};
			name = Debug_Base;
		};
		EC557B334B61994FB13672C6 /* Debug_Base */ = {
			isa = XCBuildConfiguration;
			buildSettings = {
				EXECUTABLE_PREFIX = lib;
				GCC_PREPROCESSOR_DEFINITIONS = (
					EXPAT_RELATIVE_PATH,
					WEBRTC_MODULE_UTILITY_VIDEO,
					WEBRTC_POSIX,
					WEBRTC_MAC,
					FEATURE_ENABLE_VOICEMAIL,
					FEATURE_ENABLE_PSTN,
					FEATURE_ENABLE_SSL,
					XML_STATIC,
					_DEBUG,
				);
				HEADER_SEARCH_PATHS = (
					../..,
					../../chromium/src/third_party/expat/files/lib,
				);
				PRODUCT_NAME = rtc_p2p;
			};
			name = Debug_Base;
		};
/* End XCBuildConfiguration section */

/* Begin XCConfigurationList section */
		2BBEB444D6A1EF32A43A3EC2 /* Build configuration list for PBXNativeTarget "rtc_p2p" */ = {
			isa = XCConfigurationList;
			buildConfigurations = (
				EC557B334B61994FB13672C6 /* Debug_Base */,
			);
			defaultConfigurationIsVisible = 1;
			defaultConfigurationName = Debug_Base;
		};
		40AC64EB9F5526D19445C128 /* Build configuration list for PBXProject "p2p" */ = {
			isa = XCConfigurationList;
			buildConfigurations = (
				1973860D4524C3F03B5AF3A8 /* Debug_Base */,
			);
			defaultConfigurationIsVisible = 1;
			defaultConfigurationName = Debug_Base;
		};
/* End XCConfigurationList section */
	};
	rootObject = 03D00F17D88144A11AAC6A48 /* Project object */;
}
