// !$*UTF8*$!
{
	archiveVersion = 1;
	classes = {
	};
	objectVersion = 45;
	objects = {

/* Begin PBXBuildFile section */
		1645461FAC0058040DDBD194 /* qname.cc in Sources */ = {isa = PBXBuildFile; fileRef = 74E15397B6A7EBB74E64CC43 /* qname.cc */; };
		1A7055314D7D8079B6825091 /* xmlparser.cc in Sources */ = {isa = PBXBuildFile; fileRef = 290F6A24042EFA6D96447C19 /* xmlparser.cc */; };
		4B2386FE2D5E563DE90354B6 /* xmlelement.cc in Sources */ = {isa = PBXBuildFile; fileRef = 68F5E12F4F6B6749D6FA53A7 /* xmlelement.cc */; };
		61D843691D2FE78F72045B4D /* xmlbuilder.cc in Sources */ = {isa = PBXBuildFile; fileRef = 85D88405456F1EC80C36F505 /* xmlbuilder.cc */; };
		A2AACDCBDD739F3EBC16C434 /* xmlprinter.cc in Sources */ = {isa = PBXBuildFile; fileRef = AD075D5946C50FCE3B8F6A3F /* xmlprinter.cc */; };
		BF400C7B37E3EB86B737A950 /* xmlconstants.cc in Sources */ = {isa = PBXBuildFile; fileRef = 2C76E2F361C479DC7EFEE015 /* xmlconstants.cc */; };
		FA44D777885FC4C7050369E7 /* xmlnsstack.cc in Sources */ = {isa = PBXBuildFile; fileRef = 02475492A64220FCEA3FAE77 /* xmlnsstack.cc */; };
/* End PBXBuildFile section */

/* Begin PBXFileReference section */
		02475492A64220FCEA3FAE77 /* xmlnsstack.cc */ = {isa = PBXFileReference; lastKnownFileType = sourcecode.cpp.cpp; path = xmlnsstack.cc; sourceTree = "<group>"; };
		12ACBB38882F74ED8E5CE291 /* librtc_xmllite.a */ = {isa = PBXFileReference; explicitFileType = archive.ar; includeInIndex = 0; path = librtc_xmllite.a; sourceTree = BUILT_PRODUCTS_DIR; };
		290F6A24042EFA6D96447C19 /* xmlparser.cc */ = {isa = PBXFileReference; lastKnownFileType = sourcecode.cpp.cpp; path = xmlparser.cc; sourceTree = "<group>"; };
		2C76E2F361C479DC7EFEE015 /* xmlconstants.cc */ = {isa = PBXFileReference; lastKnownFileType = sourcecode.cpp.cpp; path = xmlconstants.cc; sourceTree = "<group>"; };
		68F5E12F4F6B6749D6FA53A7 /* xmlelement.cc */ = {isa = PBXFileReference; lastKnownFileType = sourcecode.cpp.cpp; path = xmlelement.cc; sourceTree = "<group>"; };
		6AEDEB3966380B4C12CF64A1 /* xmlconstants.h */ = {isa = PBXFileReference; lastKnownFileType = sourcecode.c.h; path = xmlconstants.h; sourceTree = "<group>"; };
		74E15397B6A7EBB74E64CC43 /* qname.cc */ = {isa = PBXFileReference; lastKnownFileType = sourcecode.cpp.cpp; path = qname.cc; sourceTree = "<group>"; };
		85D88405456F1EC80C36F505 /* xmlbuilder.cc */ = {isa = PBXFileReference; lastKnownFileType = sourcecode.cpp.cpp; path = xmlbuilder.cc; sourceTree = "<group>"; };
		88629CC2BCC5D3626673374B /* xmlbuilder.h */ = {isa = PBXFileReference; lastKnownFileType = sourcecode.c.h; path = xmlbuilder.h; sourceTree = "<group>"; };
		9D10A2AE07075DA54061C314 /* xmlnsstack.h */ = {isa = PBXFileReference; lastKnownFileType = sourcecode.c.h; path = xmlnsstack.h; sourceTree = "<group>"; };
		9D2ECEC3CF0CCB5BD0F9862C /* xmlparser.h */ = {isa = PBXFileReference; lastKnownFileType = sourcecode.c.h; path = xmlparser.h; sourceTree = "<group>"; };
		AD075D5946C50FCE3B8F6A3F /* xmlprinter.cc */ = {isa = PBXFileReference; lastKnownFileType = sourcecode.cpp.cpp; path = xmlprinter.cc; sourceTree = "<group>"; };
		D1C024586E127446D0365294 /* common.gypi */ = {isa = PBXFileReference; explicitFileType = sourcecode; name = common.gypi; path = ../../build/common.gypi; sourceTree = "<group>"; };
		E94BBFFFCEEC0E6C227D9446 /* xmlelement.h */ = {isa = PBXFileReference; lastKnownFileType = sourcecode.c.h; path = xmlelement.h; sourceTree = "<group>"; };
		EE3465702B32860377C28D14 /* xmllite.gyp */ = {isa = PBXFileReference; explicitFileType = sourcecode; path = xmllite.gyp; sourceTree = "<group>"; };
		F5529932E755B1ACFF683A7C /* xmlprinter.h */ = {isa = PBXFileReference; lastKnownFileType = sourcecode.c.h; path = xmlprinter.h; sourceTree = "<group>"; };
		FBAD0ABDD332F93FE81C2068 /* qname.h */ = {isa = PBXFileReference; lastKnownFileType = sourcecode.c.h; path = qname.h; sourceTree = "<group>"; };
/* End PBXFileReference section */

/* Begin PBXFrameworksBuildPhase section */
		D1C569C9A0F5DD7AC5A2BF4E /* Frameworks */ = {
			isa = PBXFrameworksBuildPhase;
			buildActionMask = 2147483647;
			files = (
			);
			runOnlyForDeploymentPostprocessing = 0;
		};
/* End PBXFrameworksBuildPhase section */

/* Begin PBXGroup section */
		23B3C90FE5093D537C32DC78 = {
			isa = PBXGroup;
			children = (
				99373A8B7B454DC3390C8F99 /* Source */,
				5B473A5C5D6574B21DED600F /* Products */,
				EFCED7B69A9CC17F37725B8D /* Build */,
			);
			sourceTree = "<group>";
		};
		5B473A5C5D6574B21DED600F /* Products */ = {
			isa = PBXGroup;
			children = (
				12ACBB38882F74ED8E5CE291 /* librtc_xmllite.a */,
			);
			name = Products;
			sourceTree = "<group>";
		};
		99373A8B7B454DC3390C8F99 /* Source */ = {
			isa = PBXGroup;
			children = (
				74E15397B6A7EBB74E64CC43 /* qname.cc */,
				FBAD0ABDD332F93FE81C2068 /* qname.h */,
				85D88405456F1EC80C36F505 /* xmlbuilder.cc */,
				88629CC2BCC5D3626673374B /* xmlbuilder.h */,
				2C76E2F361C479DC7EFEE015 /* xmlconstants.cc */,
				6AEDEB3966380B4C12CF64A1 /* xmlconstants.h */,
				68F5E12F4F6B6749D6FA53A7 /* xmlelement.cc */,
				E94BBFFFCEEC0E6C227D9446 /* xmlelement.h */,
				02475492A64220FCEA3FAE77 /* xmlnsstack.cc */,
				9D10A2AE07075DA54061C314 /* xmlnsstack.h */,
				290F6A24042EFA6D96447C19 /* xmlparser.cc */,
				9D2ECEC3CF0CCB5BD0F9862C /* xmlparser.h */,
				AD075D5946C50FCE3B8F6A3F /* xmlprinter.cc */,
				F5529932E755B1ACFF683A7C /* xmlprinter.h */,
			);
			name = Source;
			sourceTree = "<group>";
		};
		EFCED7B69A9CC17F37725B8D /* Build */ = {
			isa = PBXGroup;
			children = (
				D1C024586E127446D0365294 /* common.gypi */,
				EE3465702B32860377C28D14 /* xmllite.gyp */,
			);
			name = Build;
			sourceTree = "<group>";
		};
/* End PBXGroup section */

/* Begin PBXNativeTarget section */
		5E6D9C1505CEAD5E28232495 /* rtc_xmllite */ = {
			isa = PBXNativeTarget;
			buildConfigurationList = 6EF557577A3936F9187A21EA /* Build configuration list for PBXNativeTarget "rtc_xmllite" */;
			buildPhases = (
				46DACC3D3A2F3F71E9B090C9 /* Sources */,
				D1C569C9A0F5DD7AC5A2BF4E /* Frameworks */,
			);
			buildRules = (
			);
			dependencies = (
			);
			name = rtc_xmllite;
			productName = rtc_xmllite;
			productReference = 12ACBB38882F74ED8E5CE291 /* librtc_xmllite.a */;
			productType = "com.apple.product-type.library.static";
		};
/* End PBXNativeTarget section */

/* Begin PBXProject section */
		5D9326BA43DE5D791F334CE0 /* Project object */ = {
			isa = PBXProject;
			attributes = {
				BuildIndependentTargetsInParallel = YES;
			};
			buildConfigurationList = D331EB1848D9DDE3578D9847 /* Build configuration list for PBXProject "xmllite" */;
			compatibilityVersion = "Xcode 3.2";
			hasScannedForEncodings = 1;
			mainGroup = 23B3C90FE5093D537C32DC78;
			projectDirPath = "";
			projectRoot = "";
			targets = (
				5E6D9C1505CEAD5E28232495 /* rtc_xmllite */,
			);
		};
/* End PBXProject section */

/* Begin PBXSourcesBuildPhase section */
		46DACC3D3A2F3F71E9B090C9 /* Sources */ = {
			isa = PBXSourcesBuildPhase;
			buildActionMask = 2147483647;
			files = (
				1645461FAC0058040DDBD194 /* qname.cc in Sources */,
				61D843691D2FE78F72045B4D /* xmlbuilder.cc in Sources */,
				BF400C7B37E3EB86B737A950 /* xmlconstants.cc in Sources */,
				4B2386FE2D5E563DE90354B6 /* xmlelement.cc in Sources */,
				FA44D777885FC4C7050369E7 /* xmlnsstack.cc in Sources */,
				1A7055314D7D8079B6825091 /* xmlparser.cc in Sources */,
				A2AACDCBDD739F3EBC16C434 /* xmlprinter.cc in Sources */,
			);
			runOnlyForDeploymentPostprocessing = 0;
		};
/* End PBXSourcesBuildPhase section */

/* Begin XCBuildConfiguration section */
		3F660F5C4B29AF83CA2CAD2D /* Debug_Base */ = {
			isa = XCBuildConfiguration;
			buildSettings = {
				INTERMEDIATE_DIR = "$(PROJECT_DERIVED_FILE_DIR)/$(CONFIGURATION)";
				SHARED_INTERMEDIATE_DIR = "$(SYMROOT)/DerivedSources/$(CONFIGURATION)";
			};
			name = Debug_Base;
		};
		BD1E5B3FE45BBE38A6AE0517 /* Debug_Base */ = {
			isa = XCBuildConfiguration;
			buildSettings = {
				EXECUTABLE_PREFIX = lib;
				GCC_PREPROCESSOR_DEFINITIONS = (
					EXPAT_RELATIVE_PATH,
					WEBRTC_MODULE_UTILITY_VIDEO,
					WEBRTC_POSIX,
					WEBRTC_MAC,
					FEATURE_ENABLE_SSL,
					SSL_USE_OPENSSL,
					HAVE_OPENSSL_SSL_H,
					XML_STATIC,
					_DEBUG,
				);
				HEADER_SEARCH_PATHS = (
					../../..,
					../../../chromium/src/third_party/expat/files/lib,
				);
				PRODUCT_NAME = rtc_xmllite;
			};
			name = Debug_Base;
		};
/* End XCBuildConfiguration section */

/* Begin XCConfigurationList section */
		6EF557577A3936F9187A21EA /* Build configuration list for PBXNativeTarget "rtc_xmllite" */ = {
			isa = XCConfigurationList;
			buildConfigurations = (
				BD1E5B3FE45BBE38A6AE0517 /* Debug_Base */,
			);
			defaultConfigurationIsVisible = 1;
			defaultConfigurationName = Debug_Base;
		};
		D331EB1848D9DDE3578D9847 /* Build configuration list for PBXProject "xmllite" */ = {
			isa = XCConfigurationList;
			buildConfigurations = (
				3F660F5C4B29AF83CA2CAD2D /* Debug_Base */,
			);
			defaultConfigurationIsVisible = 1;
			defaultConfigurationName = Debug_Base;
		};
/* End XCConfigurationList section */
	};
	rootObject = 5D9326BA43DE5D791F334CE0 /* Project object */;
}
