// !$*UTF8*$!
{
	archiveVersion = 1;
	classes = {
	};
	objectVersion = 45;
	objects = {

/* Begin PBXBuildFile section */
		AFE22ACDC85B34367C0A1E14 /* vp9_impl.cc in Sources */ = {isa = PBXBuildFile; fileRef = 51119FF68A086DDE30723619 /* vp9_impl.cc */; };
/* End PBXBuildFile section */

/* Begin PBXFileReference section */
		4A16D47776E06292713D02E6 /* vp9_impl.h */ = {isa = PBXFileReference; lastKnownFileType = sourcecode.c.h; path = vp9_impl.h; sourceTree = "<group>"; };
		51119FF68A086DDE30723619 /* vp9_impl.cc */ = {isa = PBXFileReference; lastKnownFileType = sourcecode.cpp.cpp; path = vp9_impl.cc; sourceTree = "<group>"; };
		9A2259690C74EEF0121B1424 /* vp9.h */ = {isa = PBXFileReference; lastKnownFileType = sourcecode.c.h; path = vp9.h; sourceTree = "<group>"; };
		ACF6F32397982C356CD9142B /* vp9.gyp */ = {isa = PBXFileReference; explicitFileType = sourcecode; path = vp9.gyp; sourceTree = "<group>"; };
		C467EB4C743F1E7E32ABF280 /* libwebrtc_vp9.a */ = {isa = PBXFileReference; explicitFileType = archive.ar; includeInIndex = 0; path = libwebrtc_vp9.a; sourceTree = BUILT_PRODUCTS_DIR; };
		E117FA0696312A6A734F3F56 /* common.gypi */ = {isa = PBXFileReference; explicitFileType = sourcecode; name = common.gypi; path = ../../../../build/common.gypi; sourceTree = "<group>"; };
/* End PBXFileReference section */

/* Begin PBXFrameworksBuildPhase section */
		5AD50DC52B9CB67C998A705B /* Frameworks */ = {
			isa = PBXFrameworksBuildPhase;
			buildActionMask = 2147483647;
			files = (
			);
			runOnlyForDeploymentPostprocessing = 0;
		};
/* End PBXFrameworksBuildPhase section */

/* Begin PBXGroup section */
		18F9AE4BDEE5DD2688476869 /* Products */ = {
			isa = PBXGroup;
			children = (
				C467EB4C743F1E7E32ABF280 /* libwebrtc_vp9.a */,
			);
			name = Products;
			sourceTree = "<group>";
		};
		5AC7EFE1067ABA7B24BEC714 = {
			isa = PBXGroup;
			children = (
				871B5C09F1754469E343D902 /* Source */,
				18F9AE4BDEE5DD2688476869 /* Products */,
				6A4EC4A9C5CB3E5DF59E1055 /* Build */,
			);
			sourceTree = "<group>";
		};
		6A4EC4A9C5CB3E5DF59E1055 /* Build */ = {
			isa = PBXGroup;
			children = (
				E117FA0696312A6A734F3F56 /* common.gypi */,
				ACF6F32397982C356CD9142B /* vp9.gyp */,
			);
			name = Build;
			sourceTree = "<group>";
		};
		871B5C09F1754469E343D902 /* Source */ = {
			isa = PBXGroup;
			children = (
				E14190CA26DEE06F5E7D5A72 /* include */,
				51119FF68A086DDE30723619 /* vp9_impl.cc */,
				4A16D47776E06292713D02E6 /* vp9_impl.h */,
			);
			name = Source;
			sourceTree = "<group>";
		};
		E14190CA26DEE06F5E7D5A72 /* include */ = {
			isa = PBXGroup;
			children = (
				9A2259690C74EEF0121B1424 /* vp9.h */,
			);
			path = include;
			sourceTree = "<group>";
		};
/* End PBXGroup section */

/* Begin PBXNativeTarget section */
		45CF6C23327D8578B7E49291 /* webrtc_vp9 */ = {
			isa = PBXNativeTarget;
			buildConfigurationList = 334F765980D77B4F9222F57D /* Build configuration list for PBXNativeTarget "webrtc_vp9" */;
			buildPhases = (
				BDE27F25B14713B53607E3DE /* Sources */,
				5AD50DC52B9CB67C998A705B /* Frameworks */,
			);
			buildRules = (
			);
			dependencies = (
			);
			name = webrtc_vp9;
			productName = webrtc_vp9;
			productReference = C467EB4C743F1E7E32ABF280 /* libwebrtc_vp9.a */;
			productType = "com.apple.product-type.library.static";
		};
/* End PBXNativeTarget section */

/* Begin PBXProject section */
		DC23B5AABE2912C664F8E50F /* Project object */ = {
			isa = PBXProject;
			attributes = {
				BuildIndependentTargetsInParallel = YES;
			};
			buildConfigurationList = F9A9B575470F5CF5D4173C16 /* Build configuration list for PBXProject "vp9" */;
			compatibilityVersion = "Xcode 3.2";
			hasScannedForEncodings = 1;
			mainGroup = 5AC7EFE1067ABA7B24BEC714;
			projectDirPath = "";
			projectRoot = "";
			targets = (
				45CF6C23327D8578B7E49291 /* webrtc_vp9 */,
			);
		};
/* End PBXProject section */

/* Begin PBXSourcesBuildPhase section */
		BDE27F25B14713B53607E3DE /* Sources */ = {
			isa = PBXSourcesBuildPhase;
			buildActionMask = 2147483647;
			files = (
				AFE22ACDC85B34367C0A1E14 /* vp9_impl.cc in Sources */,
			);
			runOnlyForDeploymentPostprocessing = 0;
		};
/* End PBXSourcesBuildPhase section */

/* Begin XCBuildConfiguration section */
		492B4195B9F22CB374E5F053 /* Debug_Base */ = {
			isa = XCBuildConfiguration;
			buildSettings = {
				INTERMEDIATE_DIR = "$(PROJECT_DERIVED_FILE_DIR)/$(CONFIGURATION)";
				SHARED_INTERMEDIATE_DIR = "$(SYMROOT)/DerivedSources/$(CONFIGURATION)";
			};
			name = Debug_Base;
		};
		DF938FB2A03237ABB74282C7 /* Debug_Base */ = {
			isa = XCBuildConfiguration;
			buildSettings = {
				EXECUTABLE_PREFIX = lib;
				GCC_PREPROCESSOR_DEFINITIONS = (
					EXPAT_RELATIVE_PATH,
					WEBRTC_MODULE_UTILITY_VIDEO,
					WEBRTC_POSIX,
					WEBRTC_MAC,
					_DEBUG,
				);
				HEADER_SEARCH_PATHS = (
					../../../../..,
					../../../../common_video/interface,
					../../../../common_video/libyuv/include,
					../../../../system_wrappers/interface,
					../../../../../chromium/src/third_party/libvpx/source/libvpx,
				);
				PRODUCT_NAME = webrtc_vp9;
			};
			name = Debug_Base;
		};
/* End XCBuildConfiguration section */

/* Begin XCConfigurationList section */
		334F765980D77B4F9222F57D /* Build configuration list for PBXNativeTarget "webrtc_vp9" */ = {
			isa = XCConfigurationList;
			buildConfigurations = (
				DF938FB2A03237ABB74282C7 /* Debug_Base */,
			);
			defaultConfigurationIsVisible = 1;
			defaultConfigurationName = Debug_Base;
		};
		F9A9B575470F5CF5D4173C16 /* Build configuration list for PBXProject "vp9" */ = {
			isa = XCConfigurationList;
			buildConfigurations = (
				492B4195B9F22CB374E5F053 /* Debug_Base */,
			);
			defaultConfigurationIsVisible = 1;
			defaultConfigurationName = Debug_Base;
		};
/* End XCConfigurationList section */
	};
	rootObject = DC23B5AABE2912C664F8E50F /* Project object */;
}
