// !$*UTF8*$!
{
	archiveVersion = 1;
	classes = {
	};
	objectVersion = 45;
	objects = {

/* Begin PBXBuildFile section */
		57D214D940766FA896E4A666 /* config.cc in Sources */ = {isa = PBXBuildFile; fileRef = 85C60DD6CEA31CFB10DADBA1 /* config.cc */; };
/* End PBXBuildFile section */

/* Begin PBXFileReference section */
		61B41B2B55C90A20386CEE53 /* common.gypi */ = {isa = PBXFileReference; explicitFileType = sourcecode; name = common.gypi; path = build/common.gypi; sourceTree = "<group>"; };
		700B3677089DB266B96075C6 /* config.h */ = {isa = PBXFileReference; lastKnownFileType = sourcecode.c.h; path = config.h; sourceTree = "<group>"; };
		85C60DD6CEA31CFB10DADBA1 /* config.cc */ = {isa = PBXFileReference; lastKnownFileType = sourcecode.cpp.cpp; path = config.cc; sourceTree = "<group>"; };
		C726A4E8DB743B9AA5D8D773 /* common.gyp */ = {isa = PBXFileReference; explicitFileType = sourcecode; path = common.gyp; sourceTree = "<group>"; };
		E22D6BAFDDE32461C51CA155 /* libwebrtc_common.a */ = {isa = PBXFileReference; explicitFileType = archive.ar; includeInIndex = 0; path = libwebrtc_common.a; sourceTree = BUILT_PRODUCTS_DIR; };
/* End PBXFileReference section */

/* Begin PBXFrameworksBuildPhase section */
		7D690F970335A19FF6997520 /* Frameworks */ = {
			isa = PBXFrameworksBuildPhase;
			buildActionMask = 2147483647;
			files = (
			);
			runOnlyForDeploymentPostprocessing = 0;
		};
/* End PBXFrameworksBuildPhase section */

/* Begin PBXGroup section */
		66955A49E090E3B4C5110C46 /* Source */ = {
			isa = PBXGroup;
			children = (
				85C60DD6CEA31CFB10DADBA1 /* config.cc */,
				700B3677089DB266B96075C6 /* config.h */,
			);
			name = Source;
			sourceTree = "<group>";
		};
		B3648620E2915ECA12E00971 /* Products */ = {
			isa = PBXGroup;
			children = (
				E22D6BAFDDE32461C51CA155 /* libwebrtc_common.a */,
			);
			name = Products;
			sourceTree = "<group>";
		};
		D6E34E3C69367087F8CAD103 /* Build */ = {
			isa = PBXGroup;
			children = (
				C726A4E8DB743B9AA5D8D773 /* common.gyp */,
				61B41B2B55C90A20386CEE53 /* common.gypi */,
			);
			name = Build;
			sourceTree = "<group>";
		};
		F08C4CB404CF815DDB576F32 = {
			isa = PBXGroup;
			children = (
				66955A49E090E3B4C5110C46 /* Source */,
				B3648620E2915ECA12E00971 /* Products */,
				D6E34E3C69367087F8CAD103 /* Build */,
			);
			sourceTree = "<group>";
		};
/* End PBXGroup section */

/* Begin PBXNativeTarget section */
		EA6D366D9A92CC248E216A17 /* webrtc_common */ = {
			isa = PBXNativeTarget;
			buildConfigurationList = 1DF6F496EAC573CF85875739 /* Build configuration list for PBXNativeTarget "webrtc_common" */;
			buildPhases = (
				7620082F213F01E271D4859F /* Sources */,
				7D690F970335A19FF6997520 /* Frameworks */,
			);
			buildRules = (
			);
			dependencies = (
			);
			name = webrtc_common;
			productName = webrtc_common;
			productReference = E22D6BAFDDE32461C51CA155 /* libwebrtc_common.a */;
			productType = "com.apple.product-type.library.static";
		};
/* End PBXNativeTarget section */

/* Begin PBXProject section */
		DEDD89A18FDCB20EA203F07C /* Project object */ = {
			isa = PBXProject;
			attributes = {
				BuildIndependentTargetsInParallel = YES;
			};
			buildConfigurationList = DE5587EA92DEB6696AFEBAB3 /* Build configuration list for PBXProject "common" */;
			compatibilityVersion = "Xcode 3.2";
			hasScannedForEncodings = 1;
			mainGroup = F08C4CB404CF815DDB576F32;
			projectDirPath = "";
			projectRoot = "";
			targets = (
				EA6D366D9A92CC248E216A17 /* webrtc_common */,
			);
		};
/* End PBXProject section */

/* Begin PBXSourcesBuildPhase section */
		7620082F213F01E271D4859F /* Sources */ = {
			isa = PBXSourcesBuildPhase;
			buildActionMask = 2147483647;
			files = (
				57D214D940766FA896E4A666 /* config.cc in Sources */,
			);
			runOnlyForDeploymentPostprocessing = 0;
		};
/* End PBXSourcesBuildPhase section */

/* Begin XCBuildConfiguration section */
		009B1A91E1693B16227AD6A6 /* Debug_Base */ = {
			isa = XCBuildConfiguration;
			buildSettings = {
				EXECUTABLE_PREFIX = lib;
				GCC_PREPROCESSOR_DEFINITIONS = (
					EXPAT_RELATIVE_PATH,
					WEBRTC_MODULE_UTILITY_VIDEO,
					WEBRTC_POSIX,
					WEBRTC_MAC,
					_DEBUG,
				);
				HEADER_SEARCH_PATHS = ..;
				PRODUCT_NAME = webrtc_common;
			};
			name = Debug_Base;
		};
		14517192DBABE44D0A21F719 /* Debug_Base */ = {
			isa = XCBuildConfiguration;
			buildSettings = {
				INTERMEDIATE_DIR = "$(PROJECT_DERIVED_FILE_DIR)/$(CONFIGURATION)";
				SHARED_INTERMEDIATE_DIR = "$(SYMROOT)/DerivedSources/$(CONFIGURATION)";
			};
			name = Debug_Base;
		};
/* End XCBuildConfiguration section */

/* Begin XCConfigurationList section */
		1DF6F496EAC573CF85875739 /* Build configuration list for PBXNativeTarget "webrtc_common" */ = {
			isa = XCConfigurationList;
			buildConfigurations = (
				009B1A91E1693B16227AD6A6 /* Debug_Base */,
			);
			defaultConfigurationIsVisible = 1;
			defaultConfigurationName = Debug_Base;
		};
		DE5587EA92DEB6696AFEBAB3 /* Build configuration list for PBXProject "common" */ = {
			isa = XCConfigurationList;
			buildConfigurations = (
				14517192DBABE44D0A21F719 /* Debug_Base */,
			);
			defaultConfigurationIsVisible = 1;
			defaultConfigurationName = Debug_Base;
		};
/* End XCConfigurationList section */
	};
	rootObject = DEDD89A18FDCB20EA203F07C /* Project object */;
}
