// !$*UTF8*$!
{
	archiveVersion = 1;
	classes = {
	};
	objectVersion = 45;
	objects = {

/* Begin PBXAggregateTarget section */
		6A37987E8B1CC501FC44DCFC /* libjingle */ = {
			isa = PBXAggregateTarget;
			buildConfigurationList = AD9595A9742286B54CA19AA6 /* Build configuration list for PBXAggregateTarget "libjingle" */;
			buildPhases = (
			);
			dependencies = (
				D876A8628064519AF8097F51 /* PBXTargetDependency */,
				3A5C6CFADE0997585706D399 /* PBXTargetDependency */,
				7E41ABC7ECAD38EA0AC29DD2 /* PBXTargetDependency */,
			);
			name = libjingle;
			productName = libjingle;
		};
		AAA579649E71CD3517DD62E5 /* All */ = {
			isa = PBXAggregateTarget;
			buildConfigurationList = 138930F098D36083C6FF2668 /* Build configuration list for PBXAggregateTarget "All" */;
			buildPhases = (
			);
			dependencies = (
				6EDFEB04CFB958F26EBFFD4B /* PBXTargetDependency */,
				3BE3D905637616341EC3A278 /* PBXTargetDependency */,
				447A6B2600B53F6A54C6EEBE /* PBXTargetDependency */,
				0F45CF0A31A8E0BE0F60F4E9 /* PBXTargetDependency */,
			);
			name = All;
			productName = All;
		};
/* End PBXAggregateTarget section */

/* Begin PBXBuildFile section */
		0F9D733FE562797DA00A16FB /* webrtcsdp.cc in Sources */ = {isa = PBXBuildFile; fileRef = 27DB3C08733F28C0CDF86117 /* webrtcsdp.cc */; };
		1077FA574A2AF7270FB328BF /* peerconnection.cc in Sources */ = {isa = PBXBuildFile; fileRef = F8F142845CD0722EC98975B8 /* peerconnection.cc */; };
		13DA222DD4B1C370E3DC20E8 /* srtpfilter.cc in Sources */ = {isa = PBXBuildFile; fileRef = C5ECACDAAF71A86699557846 /* srtpfilter.cc */; };
		141E1764D2BFDCE08408F6DC /* webrtcvideoframe.cc in Sources */ = {isa = PBXBuildFile; fileRef = 04820E4929C4BCE22EE074FF /* webrtcvideoframe.cc */; };
		1767317467C944D6425D8CD4 /* videocommon.cc in Sources */ = {isa = PBXBuildFile; fileRef = 08907E32C12A4A250C7135E4 /* videocommon.cc */; };
		18902F590A99DA4FE89BF283 /* macdeviceinfo.cc in Sources */ = {isa = PBXBuildFile; fileRef = 3D82B5046EF49AEFAE20A29B /* macdeviceinfo.cc */; };
		1892D76AE0A5A19BCB1C8D22 /* rtpdump.cc in Sources */ = {isa = PBXBuildFile; fileRef = 7DD0E0AD3E3C9D0FF7CBB91A /* rtpdump.cc */; };
		196A6189F8C10BB244B06415 /* macdevicemanagermm.mm in Sources */ = {isa = PBXBuildFile; fileRef = 50721E6C82EB84892AC37E28 /* macdevicemanagermm.mm */; };
		1CE246412BA52A87C00B02C7 /* videosource.cc in Sources */ = {isa = PBXBuildFile; fileRef = 9C91E1150953FB1AE017D0B6 /* videosource.cc */; };
		241714631DDF174D0239F73B /* mediaconstraintsinterface.cc in Sources */ = {isa = PBXBuildFile; fileRef = 1A2D00B39DFEFB04C329BBAC /* mediaconstraintsinterface.cc */; };
		277E468116FF1AC98DF1D13A /* mediasessionclient.cc in Sources */ = {isa = PBXBuildFile; fileRef = 63347B7D8DCE79AF021FC50B /* mediasessionclient.cc */; };
		291CA260BE2E4688AAA209DD /* mediastream.cc in Sources */ = {isa = PBXBuildFile; fileRef = B565A0C6945F96813B95AE53 /* mediastream.cc */; };
		2C0BC57E2720426E42A3902C /* statscollector.cc in Sources */ = {isa = PBXBuildFile; fileRef = 5CBBE2704B7B84D75B79F237 /* statscollector.cc */; };
		35B062A68F9E57D491FA7C6C /* mediasession.cc in Sources */ = {isa = PBXBuildFile; fileRef = C4DB93865C488086249F6A14 /* mediasession.cc */; };
		3697FD4AC24453422D6C5B03 /* webrtcvideoengine2.cc in Sources */ = {isa = PBXBuildFile; fileRef = C722562CCC2458CADCCD5E12 /* webrtcvideoengine2.cc */; };
		39258D06E527C4789D13BE57 /* videotrack.cc in Sources */ = {isa = PBXBuildFile; fileRef = E7254D8F5DAC709768AA78AA /* videotrack.cc */; };
		3A72385541E56500D78388CC /* jsepsessiondescription.cc in Sources */ = {isa = PBXBuildFile; fileRef = 2F22A3B70AAC22CB1AEFEF34 /* jsepsessiondescription.cc */; };
		3C992ADDEEF1BBA486744AAE /* call.cc in Sources */ = {isa = PBXBuildFile; fileRef = FF5AF0394A4F81DF4A6C2529 /* call.cc */; };
		3D17D9861EE94C90732C7909 /* mediamonitor.cc in Sources */ = {isa = PBXBuildFile; fileRef = 50812F37DC82C410E23D1BA2 /* mediamonitor.cc */; };
		41138E67C92C2BC89A1EE432 /* sctputils.cc in Sources */ = {isa = PBXBuildFile; fileRef = AC340AF7276F730EF60290F1 /* sctputils.cc */; };
		43FC2B24C9CDE4B47AB2AE3D /* webrtcvideocapturer.cc in Sources */ = {isa = PBXBuildFile; fileRef = 79D9531CE78614476FC068E1 /* webrtcvideocapturer.cc */; };
		462B9CD0101CF038036B6FAE /* webrtcvideocapturerfactory.cc in Sources */ = {isa = PBXBuildFile; fileRef = 5C2CE8953B6448B09890F092 /* webrtcvideocapturerfactory.cc */; };
		488E72AC1FCD0C54806B65AF /* dtmfsender.cc in Sources */ = {isa = PBXBuildFile; fileRef = AA805B75450614AE2966F376 /* dtmfsender.cc */; };
		4E58F28D01C7EED0551B727F /* cpuid.cc in Sources */ = {isa = PBXBuildFile; fileRef = A87D7B76473B7F71840015EF /* cpuid.cc */; };
		51A0230685619F2D053943E6 /* portallocatorfactory.cc in Sources */ = {isa = PBXBuildFile; fileRef = 6EC6D0BF4FA4A590E5DED7FB /* portallocatorfactory.cc */; };
		59DE7DE526FB08C178AA34D6 /* currentspeakermonitor.cc in Sources */ = {isa = PBXBuildFile; fileRef = D26B9CC805EDD07A447254B9 /* currentspeakermonitor.cc */; };
		62882E27C7AEA14FCE947C17 /* filevideocapturer.cc in Sources */ = {isa = PBXBuildFile; fileRef = 9DF91910389835082680CAA1 /* filevideocapturer.cc */; };
		63CC46B459DBD6C6C176BF54 /* peerconnectionfactory.cc in Sources */ = {isa = PBXBuildFile; fileRef = CF54A896BD6DBE1645E501B2 /* peerconnectionfactory.cc */; };
		642804CFC306C6001F730775 /* rtcpmuxfilter.cc in Sources */ = {isa = PBXBuildFile; fileRef = 03401D9AA31AB00E50F53816 /* rtcpmuxfilter.cc */; };
		65A81F07AC39DF1AEA2E2067 /* filemediaengine.cc in Sources */ = {isa = PBXBuildFile; fileRef = 30B559620DA4BBF90ED89112 /* filemediaengine.cc */; };
		667F6D6E1D25CC378815B60A /* bundlefilter.cc in Sources */ = {isa = PBXBuildFile; fileRef = A9A556C34312E96BD1507354 /* bundlefilter.cc */; };
		682CAF8F12AC72DBCD709755 /* webrtcvoiceengine.cc in Sources */ = {isa = PBXBuildFile; fileRef = 2B4C33E2644833A22F8763CA /* webrtcvoiceengine.cc */; };
		725D8D80A951079FB369B624 /* webrtcvideoengine.cc in Sources */ = {isa = PBXBuildFile; fileRef = 8072B1781FC26C10F86B3C0B /* webrtcvideoengine.cc */; };
		7EC5120CC76738041842C364 /* typingmonitor.cc in Sources */ = {isa = PBXBuildFile; fileRef = 10AFAA3A9D2E0BE1008B92BD /* typingmonitor.cc */; };
		7F9BA54832BD05974BB382E7 /* remoteaudiosource.cc in Sources */ = {isa = PBXBuildFile; fileRef = CE60F131F4A385F1EE21C46C /* remoteaudiosource.cc */; };
		8893FF638D11580F04CBCB49 /* yuvframegenerator.cc in Sources */ = {isa = PBXBuildFile; fileRef = 636F8D27274A2C91B535DC37 /* yuvframegenerator.cc */; };
		8986A01FF2AB594BEABAF523 /* devicemanager.cc in Sources */ = {isa = PBXBuildFile; fileRef = 145CA61D24C77A000F1BF43A /* devicemanager.cc */; };
		8EC4EAE67AF7068A5C383559 /* pseudotcpchannel.cc in Sources */ = {isa = PBXBuildFile; fileRef = 80E863FF18C03DA33EF0BF2A /* pseudotcpchannel.cc */; };
		9155687C2911A5D0AF49E002 /* mediarecorder.cc in Sources */ = {isa = PBXBuildFile; fileRef = 845E2081878700F886F9C665 /* mediarecorder.cc */; };
		917B9A91F3A38ED1712F161B /* rtputils.cc in Sources */ = {isa = PBXBuildFile; fileRef = 186C88717A47E860A5DE826F /* rtputils.cc */; };
		9330C043888F985CA215F240 /* videoframe.cc in Sources */ = {isa = PBXBuildFile; fileRef = 79C43DCC3CF57787667707D7 /* videoframe.cc */; };
		98AE79DC00B4306272B6E7AC /* audiotrack.cc in Sources */ = {isa = PBXBuildFile; fileRef = F47B3E14221A6B7E26324C62 /* audiotrack.cc */; };
		9924AB6BEBB7D65AFA94F429 /* videocapturer.cc in Sources */ = {isa = PBXBuildFile; fileRef = F0E949B31FF419F7B87E1C48 /* videocapturer.cc */; };
		9B5804173804C528F60367F7 /* codec.cc in Sources */ = {isa = PBXBuildFile; fileRef = CED2DBE4C2DD25FE3869BD69 /* codec.cc */; };
		9E62DC181EFE40C01FFE0CFA /* webrtcsession.cc in Sources */ = {isa = PBXBuildFile; fileRef = 2C58E890D1336CA83D802D12 /* webrtcsession.cc */; };
		A0AAE8A2A25D5078204EBB3E /* audiotrackrenderer.cc in Sources */ = {isa = PBXBuildFile; fileRef = 54BD0E3E4DB07524C0D37257 /* audiotrackrenderer.cc */; };
		A2B81F935912AE5789AF005B /* localaudiosource.cc in Sources */ = {isa = PBXBuildFile; fileRef = 0D31BFCF2BD8A9B8699F9D87 /* localaudiosource.cc */; };
		A600FDE5D2C001181D1E4B84 /* rtpdataengine.cc in Sources */ = {isa = PBXBuildFile; fileRef = EEE6F4FA84F255E0AA4B4CDD /* rtpdataengine.cc */; };
		A9426D0257B3360EDCDA222E /* webrtcvideoframefactory.cc in Sources */ = {isa = PBXBuildFile; fileRef = 034F70414227689E9F76847B /* webrtcvideoframefactory.cc */; };
		AA917B6206B4E2B6688D1249 /* channel.cc in Sources */ = {isa = PBXBuildFile; fileRef = D51D642EB5A3AF692C4EEB9A /* channel.cc */; };
		AB66FC6BDC813B00323B8E10 /* streamparams.cc in Sources */ = {isa = PBXBuildFile; fileRef = 1EE33DC2EB845B9B5647FB5C /* streamparams.cc */; };
		ADB1B45AF75DAC1FDECA1164 /* mediamessages.cc in Sources */ = {isa = PBXBuildFile; fileRef = 0499B53F7AE700BA27E69594 /* mediamessages.cc */; };
		B31C99DBB1CD971EC047A114 /* mediastreamsignaling.cc in Sources */ = {isa = PBXBuildFile; fileRef = 0BD49B4B02E3B75362F28F9E /* mediastreamsignaling.cc */; };
		B32927EBA0C4BAC9F3011638 /* sctpdataengine.cc in Sources */ = {isa = PBXBuildFile; fileRef = 22222E015294D02261BE2B20 /* sctpdataengine.cc */; };
		B3F160C68A39AC63AECF7C64 /* webrtcsessiondescriptionfactory.cc in Sources */ = {isa = PBXBuildFile; fileRef = 3B1926E0AED3D392DD70F347 /* webrtcsessiondescriptionfactory.cc */; };
		B4FF4C55DDB569C060F5DE13 /* webrtcpassthroughrender.cc in Sources */ = {isa = PBXBuildFile; fileRef = 1EB46718CDD6FF8683D81E98 /* webrtcpassthroughrender.cc */; };
		B5F709F83E04C66350D18A2C /* constants.cc in Sources */ = {isa = PBXBuildFile; fileRef = 1213BA45B4230F5B5BE72B4D /* constants.cc */; };
		B9F823BC50AAACDABECC9DE1 /* datachannel.cc in Sources */ = {isa = PBXBuildFile; fileRef = 0992F87578AF1F8D386BBA43 /* datachannel.cc */; };
		BACC2C37072F7C62F1FF5726 /* mediaengine.cc in Sources */ = {isa = PBXBuildFile; fileRef = A07A29671A82BFBF5C4D74F5 /* mediaengine.cc */; };
		C51CDD1F1A406869F59B66D4 /* macdevicemanager.cc in Sources */ = {isa = PBXBuildFile; fileRef = F6CD6729D79D5BC2E75BD5E3 /* macdevicemanager.cc */; };
		C65A77C480F9D66F0937A504 /* capturerenderadapter.cc in Sources */ = {isa = PBXBuildFile; fileRef = 4EFE42D1EE2D3308C69C1CB6 /* capturerenderadapter.cc */; };
		C735B7AFE37F53D8FD910976 /* videotrackrenderers.cc in Sources */ = {isa = PBXBuildFile; fileRef = 7F22528B1CCAB39EB8337B03 /* videotrackrenderers.cc */; };
		CB20C9D9157BD46F1A238852 /* jsepicecandidate.cc in Sources */ = {isa = PBXBuildFile; fileRef = 6E696269D1E86FE9F0B78375 /* jsepicecandidate.cc */; };
		CDE4F237C07BDFD7ED9059E0 /* remotevideocapturer.cc in Sources */ = {isa = PBXBuildFile; fileRef = C946D3F80E91F0CE4BD83F93 /* remotevideocapturer.cc */; };
		D0ED0540325B02BA8C5E059E /* securetunnelsessionclient.cc in Sources */ = {isa = PBXBuildFile; fileRef = 7BA87CA54F828D8B13BD2E4A /* securetunnelsessionclient.cc */; };
		D23B718CE5C5F525FB4A1D0A /* webrtctexturevideoframe.cc in Sources */ = {isa = PBXBuildFile; fileRef = BADC904B027441CC50BBD43A /* webrtctexturevideoframe.cc */; };
		DB45420CDBEB70F52332229B /* mediastreamhandler.cc in Sources */ = {isa = PBXBuildFile; fileRef = 353195C19341697D7FCBE887 /* mediastreamhandler.cc */; };
		E19515385DBC8A47696A2D08 /* soundclip.cc in Sources */ = {isa = PBXBuildFile; fileRef = 40C23A2CE1211C2D4C4148D0 /* soundclip.cc */; };
		E66B3C0FFADD604CA72D6C6F /* channelmanager.cc in Sources */ = {isa = PBXBuildFile; fileRef = 28B8107DD9B15616C9EC912E /* channelmanager.cc */; };
		F3EA2FD60D53BC47CBD7828A /* yuvframescapturer.cc in Sources */ = {isa = PBXBuildFile; fileRef = A7B6944CB2D8DC2967B6F2DC /* yuvframescapturer.cc */; };
		F6DFC110A1B306A8F6858CEC /* webrtcmediaengine.cc in Sources */ = {isa = PBXBuildFile; fileRef = 4474BEC0FC73156AD39047F2 /* webrtcmediaengine.cc */; };
		FC189DD678FF0B99014AA3B8 /* tunnelsessionclient.cc in Sources */ = {isa = PBXBuildFile; fileRef = 3D823C9644DEEE634B11D5D7 /* tunnelsessionclient.cc */; };
		FD7B6570F7245678A369E229 /* audiomonitor.cc in Sources */ = {isa = PBXBuildFile; fileRef = 6D86DD3EB05AE04A6CF628B6 /* audiomonitor.cc */; };
		FF17FB7D500628354E5E6D06 /* capturemanager.cc in Sources */ = {isa = PBXBuildFile; fileRef = 53BB6A677774AC4202B93605 /* capturemanager.cc */; };
		FF1E0205FA709D843889B51B /* videoadapter.cc in Sources */ = {isa = PBXBuildFile; fileRef = CAC9D7547E1F478DE362CAC8 /* videoadapter.cc */; };
/* End PBXBuildFile section */

/* Begin PBXContainerItemProxy section */
		1839EE6C29A8807A43227AD8 /* PBXContainerItemProxy */ = {
			isa = PBXContainerItemProxy;
			containerPortal = 2B6EFE0C02DF1FCFE366491D /* Project object */;
			proxyType = 1;
			remoteGlobalIDString = 6A37987E8B1CC501FC44DCFC;
			remoteInfo = libjingle;
		};
		20D471EEFB5ACE6C9F75427E /* PBXContainerItemProxy */ = {
			isa = PBXContainerItemProxy;
			containerPortal = 2B6EFE0C02DF1FCFE366491D /* Project object */;
			proxyType = 1;
			remoteGlobalIDString = 4FBB32061B4704DEEE6D0A27;
			remoteInfo = libjingle_media;
		};
		2D691A8278BCCC3F8D79B3D2 /* PBXContainerItemProxy */ = {
			isa = PBXContainerItemProxy;
			containerPortal = 022777242586B58F7D303C04 /* base.xcodeproj */;
			proxyType = 1;
			remoteGlobalIDString = D4E3E634F7B1B8A56C590225;
			remoteInfo = rtc_base;
		};
		3157E7C0E18CB84395DFD587 /* PBXContainerItemProxy */ = {
			isa = PBXContainerItemProxy;
			containerPortal = 08879A068CE49BDD5B699B4A /* jsoncpp.xcodeproj */;
			proxyType = 1;
			remoteGlobalIDString = A5BFECDBEB4797D8B5F73D4B;
			remoteInfo = jsoncpp;
		};
		4489E5CA53A2A1EE0D1128B9 /* PBXContainerItemProxy */ = {
			isa = PBXContainerItemProxy;
			containerPortal = 2B6EFE0C02DF1FCFE366491D /* Project object */;
			proxyType = 1;
			remoteGlobalIDString = 782E8193107BB38F530E75A6;
			remoteInfo = libjingle_p2p;
		};
		48EF329925E24E2FD8B7C503 /* PBXContainerItemProxy */ = {
			isa = PBXContainerItemProxy;
			containerPortal = 2B6EFE0C02DF1FCFE366491D /* Project object */;
			proxyType = 1;
			remoteGlobalIDString = 4A5819C3A2AFACB096EE0792;
			remoteInfo = libjingle_peerconnection;
		};
		63B0CB885AFDD107E702FDB6 /* PBXContainerItemProxy */ = {
			isa = PBXContainerItemProxy;
			containerPortal = 022777242586B58F7D303C04 /* base.xcodeproj */;
			proxyType = 2;
			remoteGlobalIDString = 5809C5C10D6E35A589F217D2;
			remoteInfo = rtc_base_approved;
		};
		9EB4AA7B7381968E5038C097 /* PBXContainerItemProxy */ = {
			isa = PBXContainerItemProxy;
			containerPortal = 2B6EFE0C02DF1FCFE366491D /* Project object */;
			proxyType = 1;
			remoteGlobalIDString = 6A37987E8B1CC501FC44DCFC;
			remoteInfo = libjingle;
		};
		A9A4F99DF51948F9283E2038 /* PBXContainerItemProxy */ = {
			isa = PBXContainerItemProxy;
			containerPortal = 2B6EFE0C02DF1FCFE366491D /* Project object */;
			proxyType = 1;
			remoteGlobalIDString = 6A37987E8B1CC501FC44DCFC;
			remoteInfo = libjingle;
		};
		AD0E322554E42C95814A4166 /* PBXContainerItemProxy */ = {
			isa = PBXContainerItemProxy;
			containerPortal = 43E6F69ABBE6ECD35E487132 /* expat.xcodeproj */;
			proxyType = 1;
			remoteGlobalIDString = 860D5397CBCB2ABB9196F2EC;
			remoteInfo = expat;
		};
		C3AC1C6C7B2D52609BF815A2 /* PBXContainerItemProxy */ = {
			isa = PBXContainerItemProxy;
			containerPortal = 2B6EFE0C02DF1FCFE366491D /* Project object */;
			proxyType = 1;
			remoteGlobalIDString = 6A37987E8B1CC501FC44DCFC;
			remoteInfo = libjingle;
		};
		DE0A58CB95153A4D74036741 /* PBXContainerItemProxy */ = {
			isa = PBXContainerItemProxy;
			containerPortal = 08879A068CE49BDD5B699B4A /* jsoncpp.xcodeproj */;
			proxyType = 2;
			remoteGlobalIDString = 4800408075CA8E86E9CDB180;
			remoteInfo = jsoncpp;
		};
		E1BEA680B12213807C374883 /* PBXContainerItemProxy */ = {
			isa = PBXContainerItemProxy;
			containerPortal = 43E6F69ABBE6ECD35E487132 /* expat.xcodeproj */;
			proxyType = 2;
			remoteGlobalIDString = CF712E29BDC75EAB823FA627;
			remoteInfo = expat;
		};
		F0003560A9484CDE44F16EE3 /* PBXContainerItemProxy */ = {
			isa = PBXContainerItemProxy;
			containerPortal = 022777242586B58F7D303C04 /* base.xcodeproj */;
			proxyType = 2;
			remoteGlobalIDString = 435B4DF89A1F8BA3CD370591;
			remoteInfo = rtc_base;
		};
/* End PBXContainerItemProxy section */

/* Begin PBXFileReference section */
		022777242586B58F7D303C04 /* base.xcodeproj */ = {isa = PBXFileReference; lastKnownFileType = "wrapper.pb-project"; name = base.xcodeproj; path = ../webrtc/base/base.xcodeproj; sourceTree = SOURCE_ROOT; };
		02C6C64306CE1676452FB3FC /* videotrackrenderers.h */ = {isa = PBXFileReference; lastKnownFileType = sourcecode.c.h; path = videotrackrenderers.h; sourceTree = "<group>"; };
		03401D9AA31AB00E50F53816 /* rtcpmuxfilter.cc */ = {isa = PBXFileReference; lastKnownFileType = sourcecode.cpp.cpp; path = rtcpmuxfilter.cc; sourceTree = "<group>"; };
		034F70414227689E9F76847B /* webrtcvideoframefactory.cc */ = {isa = PBXFileReference; lastKnownFileType = sourcecode.cpp.cpp; path = webrtcvideoframefactory.cc; sourceTree = "<group>"; };
		04567D7DC2C812F89FB03292 /* dtmfsender.h */ = {isa = PBXFileReference; lastKnownFileType = sourcecode.c.h; path = dtmfsender.h; sourceTree = "<group>"; };
		04820E4929C4BCE22EE074FF /* webrtcvideoframe.cc */ = {isa = PBXFileReference; lastKnownFileType = sourcecode.cpp.cpp; path = webrtcvideoframe.cc; sourceTree = "<group>"; };
		0499B53F7AE700BA27E69594 /* mediamessages.cc */ = {isa = PBXFileReference; lastKnownFileType = sourcecode.cpp.cpp; path = mediamessages.cc; sourceTree = "<group>"; };
		08879A068CE49BDD5B699B4A /* jsoncpp.xcodeproj */ = {isa = PBXFileReference; lastKnownFileType = "wrapper.pb-project"; name = jsoncpp.xcodeproj; path = ../chromium/src/third_party/jsoncpp/jsoncpp.xcodeproj; sourceTree = SOURCE_ROOT; };
		08907E32C12A4A250C7135E4 /* videocommon.cc */ = {isa = PBXFileReference; lastKnownFileType = sourcecode.cpp.cpp; path = videocommon.cc; sourceTree = "<group>"; };
		0992F87578AF1F8D386BBA43 /* datachannel.cc */ = {isa = PBXFileReference; lastKnownFileType = sourcecode.cpp.cpp; path = datachannel.cc; sourceTree = "<group>"; };
		0A369EA3CAF4FB0742786DAD /* filevideocapturer.h */ = {isa = PBXFileReference; lastKnownFileType = sourcecode.c.h; path = filevideocapturer.h; sourceTree = "<group>"; };
		0BD49B4B02E3B75362F28F9E /* mediastreamsignaling.cc */ = {isa = PBXFileReference; lastKnownFileType = sourcecode.cpp.cpp; path = mediastreamsignaling.cc; sourceTree = "<group>"; };
		0C7ABFE198146528783A3863 /* remotevideocapturer.h */ = {isa = PBXFileReference; lastKnownFileType = sourcecode.c.h; path = remotevideocapturer.h; sourceTree = "<group>"; };
		0D31BFCF2BD8A9B8699F9D87 /* localaudiosource.cc */ = {isa = PBXFileReference; lastKnownFileType = sourcecode.cpp.cpp; path = localaudiosource.cc; sourceTree = "<group>"; };
		10AFAA3A9D2E0BE1008B92BD /* typingmonitor.cc */ = {isa = PBXFileReference; lastKnownFileType = sourcecode.cpp.cpp; path = typingmonitor.cc; sourceTree = "<group>"; };
		1213BA45B4230F5B5BE72B4D /* constants.cc */ = {isa = PBXFileReference; lastKnownFileType = sourcecode.cpp.cpp; path = constants.cc; sourceTree = "<group>"; };
		145CA61D24C77A000F1BF43A /* devicemanager.cc */ = {isa = PBXFileReference; lastKnownFileType = sourcecode.cpp.cpp; path = devicemanager.cc; sourceTree = "<group>"; };
		16DDE2F491FC9E22860895F3 /* mediasink.h */ = {isa = PBXFileReference; lastKnownFileType = sourcecode.c.h; path = mediasink.h; sourceTree = "<group>"; };
		183AE09A6037383341345C6B /* mediaengine.h */ = {isa = PBXFileReference; lastKnownFileType = sourcecode.c.h; path = mediaengine.h; sourceTree = "<group>"; };
		186C88717A47E860A5DE826F /* rtputils.cc */ = {isa = PBXFileReference; lastKnownFileType = sourcecode.cpp.cpp; path = rtputils.cc; sourceTree = "<group>"; };
		1A2D00B39DFEFB04C329BBAC /* mediaconstraintsinterface.cc */ = {isa = PBXFileReference; lastKnownFileType = sourcecode.cpp.cpp; path = mediaconstraintsinterface.cc; sourceTree = "<group>"; };
		1C07F2E87E56974BE4145202 /* audiotrack.h */ = {isa = PBXFileReference; lastKnownFileType = sourcecode.c.h; path = audiotrack.h; sourceTree = "<group>"; };
		1E8B2C62C6205667ED5A7749 /* remoteaudiosource.h */ = {isa = PBXFileReference; lastKnownFileType = sourcecode.c.h; path = remoteaudiosource.h; sourceTree = "<group>"; };
		1EB46718CDD6FF8683D81E98 /* webrtcpassthroughrender.cc */ = {isa = PBXFileReference; lastKnownFileType = sourcecode.cpp.cpp; path = webrtcpassthroughrender.cc; sourceTree = "<group>"; };
		1EE33DC2EB845B9B5647FB5C /* streamparams.cc */ = {isa = PBXFileReference; lastKnownFileType = sourcecode.cpp.cpp; path = streamparams.cc; sourceTree = "<group>"; };
		1F76BF3949473F20FE0A036F /* mediachannel.h */ = {isa = PBXFileReference; lastKnownFileType = sourcecode.c.h; path = mediachannel.h; sourceTree = "<group>"; };
		1FED1A1130F57E71A662035C /* rtputils.h */ = {isa = PBXFileReference; lastKnownFileType = sourcecode.c.h; path = rtputils.h; sourceTree = "<group>"; };
		20CE105C00FA5F58A211B04D /* mediaconstraintsinterface.h */ = {isa = PBXFileReference; lastKnownFileType = sourcecode.c.h; path = mediaconstraintsinterface.h; sourceTree = "<group>"; };
		2188F74F1DB2BED67A205FC2 /* audiotrackrenderer.h */ = {isa = PBXFileReference; lastKnownFileType = sourcecode.c.h; path = audiotrackrenderer.h; sourceTree = "<group>"; };
		21E458842A965A6C25E54916 /* mediacommon.h */ = {isa = PBXFileReference; lastKnownFileType = sourcecode.c.h; path = mediacommon.h; sourceTree = "<group>"; };
		22222E015294D02261BE2B20 /* sctpdataengine.cc */ = {isa = PBXFileReference; lastKnownFileType = sourcecode.cpp.cpp; path = sctpdataengine.cc; sourceTree = "<group>"; };
		25D7DF5B42F3287F121581F5 /* statscollector.h */ = {isa = PBXFileReference; lastKnownFileType = sourcecode.c.h; path = statscollector.h; sourceTree = "<group>"; };
		2755BFA6B4202B7BD7268B7B /* datachannelinterface.h */ = {isa = PBXFileReference; lastKnownFileType = sourcecode.c.h; path = datachannelinterface.h; sourceTree = "<group>"; };
		27DB3C08733F28C0CDF86117 /* webrtcsdp.cc */ = {isa = PBXFileReference; lastKnownFileType = sourcecode.cpp.cpp; path = webrtcsdp.cc; sourceTree = "<group>"; };
		28B8107DD9B15616C9EC912E /* channelmanager.cc */ = {isa = PBXFileReference; lastKnownFileType = sourcecode.cpp.cpp; path = channelmanager.cc; sourceTree = "<group>"; };
		2B407172B8FFEFACAB5C2F2F /* streamparams.h */ = {isa = PBXFileReference; lastKnownFileType = sourcecode.c.h; path = streamparams.h; sourceTree = "<group>"; };
		2B4C33E2644833A22F8763CA /* webrtcvoiceengine.cc */ = {isa = PBXFileReference; lastKnownFileType = sourcecode.cpp.cpp; path = webrtcvoiceengine.cc; sourceTree = "<group>"; };
		2C58E890D1336CA83D802D12 /* webrtcsession.cc */ = {isa = PBXFileReference; lastKnownFileType = sourcecode.cpp.cpp; path = webrtcsession.cc; sourceTree = "<group>"; };
		2E0CC672C949D25B3F11EBEB /* audiomonitor.h */ = {isa = PBXFileReference; lastKnownFileType = sourcecode.c.h; path = audiomonitor.h; sourceTree = "<group>"; };
		2F22A3B70AAC22CB1AEFEF34 /* jsepsessiondescription.cc */ = {isa = PBXFileReference; lastKnownFileType = sourcecode.cpp.cpp; path = jsepsessiondescription.cc; sourceTree = "<group>"; };
		30B11E375125DE9A20BCCCF6 /* pseudotcpchannel.h */ = {isa = PBXFileReference; lastKnownFileType = sourcecode.c.h; path = pseudotcpchannel.h; sourceTree = "<group>"; };
		30B559620DA4BBF90ED89112 /* filemediaengine.cc */ = {isa = PBXFileReference; lastKnownFileType = sourcecode.cpp.cpp; path = filemediaengine.cc; sourceTree = "<group>"; };
		353195C19341697D7FCBE887 /* mediastreamhandler.cc */ = {isa = PBXFileReference; lastKnownFileType = sourcecode.cpp.cpp; path = mediastreamhandler.cc; sourceTree = "<group>"; };
		37B8C8E589AB0CF4204E4B40 /* device.h */ = {isa = PBXFileReference; lastKnownFileType = sourcecode.c.h; path = device.h; sourceTree = "<group>"; };
		3B1926E0AED3D392DD70F347 /* webrtcsessiondescriptionfactory.cc */ = {isa = PBXFileReference; lastKnownFileType = sourcecode.cpp.cpp; path = webrtcsessiondescriptionfactory.cc; sourceTree = "<group>"; };
		3D823C9644DEEE634B11D5D7 /* tunnelsessionclient.cc */ = {isa = PBXFileReference; lastKnownFileType = sourcecode.cpp.cpp; path = tunnelsessionclient.cc; sourceTree = "<group>"; };
		3D82B5046EF49AEFAE20A29B /* macdeviceinfo.cc */ = {isa = PBXFileReference; lastKnownFileType = sourcecode.cpp.cpp; path = macdeviceinfo.cc; sourceTree = "<group>"; };
		3F8398BE4C9D6E66E9E5C97C /* libjingle.gyp */ = {isa = PBXFileReference; explicitFileType = sourcecode; path = libjingle.gyp; sourceTree = "<group>"; };
		4011461EB4804F8879ED22D3 /* bundlefilter.h */ = {isa = PBXFileReference; lastKnownFileType = sourcecode.c.h; path = bundlefilter.h; sourceTree = "<group>"; };
		40AF84C18AF41DAFFC53C1A1 /* common.gypi */ = {isa = PBXFileReference; explicitFileType = sourcecode; name = common.gypi; path = build/common.gypi; sourceTree = "<group>"; };
		40C23A2CE1211C2D4C4148D0 /* soundclip.cc */ = {isa = PBXFileReference; lastKnownFileType = sourcecode.cpp.cpp; path = soundclip.cc; sourceTree = "<group>"; };
		419CC83C38FFD2C0619AA8CE /* voiceprocessor.h */ = {isa = PBXFileReference; lastKnownFileType = sourcecode.c.h; path = voiceprocessor.h; sourceTree = "<group>"; };
		4288EF72B33FBBBCE6F68F31 /* mediarecorder.h */ = {isa = PBXFileReference; lastKnownFileType = sourcecode.c.h; path = mediarecorder.h; sourceTree = "<group>"; };
		43E6F69ABBE6ECD35E487132 /* expat.xcodeproj */ = {isa = PBXFileReference; lastKnownFileType = "wrapper.pb-project"; name = expat.xcodeproj; path = ../chromium/src/third_party/expat/expat.xcodeproj; sourceTree = SOURCE_ROOT; };
		444DB0CEF18B03C349D325BB /* webrtctexturevideoframe.h */ = {isa = PBXFileReference; lastKnownFileType = sourcecode.c.h; path = webrtctexturevideoframe.h; sourceTree = "<group>"; };
		444F256F747B643DDB013CD1 /* voicechannel.h */ = {isa = PBXFileReference; lastKnownFileType = sourcecode.c.h; path = voicechannel.h; sourceTree = "<group>"; };
		4474BEC0FC73156AD39047F2 /* webrtcmediaengine.cc */ = {isa = PBXFileReference; lastKnownFileType = sourcecode.cpp.cpp; path = webrtcmediaengine.cc; sourceTree = "<group>"; };
		47FD96FC5D2CB68ED376A775 /* videocapturerfactory.h */ = {isa = PBXFileReference; lastKnownFileType = sourcecode.c.h; path = videocapturerfactory.h; sourceTree = "<group>"; };
		4824244F2A402B5D0D0DF203 /* rtpdataengine.h */ = {isa = PBXFileReference; lastKnownFileType = sourcecode.c.h; path = rtpdataengine.h; sourceTree = "<group>"; };
		48FBF3D5F5474C55912320DB /* webrtcsession.h */ = {isa = PBXFileReference; lastKnownFileType = sourcecode.c.h; path = webrtcsession.h; sourceTree = "<group>"; };
		4E505C679351EF2A7BC73A6F /* constants.h */ = {isa = PBXFileReference; lastKnownFileType = sourcecode.c.h; path = constants.h; sourceTree = "<group>"; };
		4EFE42D1EE2D3308C69C1CB6 /* capturerenderadapter.cc */ = {isa = PBXFileReference; lastKnownFileType = sourcecode.cpp.cpp; path = capturerenderadapter.cc; sourceTree = "<group>"; };
		4FC08081C67A2424E5EEBF95 /* videocommon.h */ = {isa = PBXFileReference; lastKnownFileType = sourcecode.c.h; path = videocommon.h; sourceTree = "<group>"; };
		50721E6C82EB84892AC37E28 /* macdevicemanagermm.mm */ = {isa = PBXFileReference; lastKnownFileType = sourcecode.cpp.objcpp; path = macdevicemanagermm.mm; sourceTree = "<group>"; };
		50812F37DC82C410E23D1BA2 /* mediamonitor.cc */ = {isa = PBXFileReference; lastKnownFileType = sourcecode.cpp.cpp; path = mediamonitor.cc; sourceTree = "<group>"; };
		523620ADD360AA8F621A3AFB /* webrtcvideocapturerfactory.h */ = {isa = PBXFileReference; lastKnownFileType = sourcecode.c.h; path = webrtcvideocapturerfactory.h; sourceTree = "<group>"; };
		528948D811561C40192218CD /* mediastreamprovider.h */ = {isa = PBXFileReference; lastKnownFileType = sourcecode.c.h; path = mediastreamprovider.h; sourceTree = "<group>"; };
		53BB6A677774AC4202B93605 /* capturemanager.cc */ = {isa = PBXFileReference; lastKnownFileType = sourcecode.cpp.cpp; path = capturemanager.cc; sourceTree = "<group>"; };
		54BD0E3E4DB07524C0D37257 /* audiotrackrenderer.cc */ = {isa = PBXFileReference; lastKnownFileType = sourcecode.cpp.cpp; path = audiotrackrenderer.cc; sourceTree = "<group>"; };
		5955A91A6D27778892B065BB /* webrtccommon.h */ = {isa = PBXFileReference; lastKnownFileType = sourcecode.c.h; path = webrtccommon.h; sourceTree = "<group>"; };
		5C2CE8953B6448B09890F092 /* webrtcvideocapturerfactory.cc */ = {isa = PBXFileReference; lastKnownFileType = sourcecode.cpp.cpp; path = webrtcvideocapturerfactory.cc; sourceTree = "<group>"; };
		5CBBE2704B7B84D75B79F237 /* statscollector.cc */ = {isa = PBXFileReference; lastKnownFileType = sourcecode.cpp.cpp; path = statscollector.cc; sourceTree = "<group>"; };
		5F65F5913E018B33C0584016 /* webrtcsessiondescriptionfactory.h */ = {isa = PBXFileReference; lastKnownFileType = sourcecode.c.h; path = webrtcsessiondescriptionfactory.h; sourceTree = "<group>"; };
		601A00E0A4C07418E5A365FB /* currentspeakermonitor.h */ = {isa = PBXFileReference; lastKnownFileType = sourcecode.c.h; path = currentspeakermonitor.h; sourceTree = "<group>"; };
		60B98A06C49C5D2181A7FBA8 /* peerconnection.h */ = {isa = PBXFileReference; lastKnownFileType = sourcecode.c.h; path = peerconnection.h; sourceTree = "<group>"; };
		629A099A369BA969751DD630 /* webrtcvideoengine.h */ = {isa = PBXFileReference; lastKnownFileType = sourcecode.c.h; path = webrtcvideoengine.h; sourceTree = "<group>"; };
		63233CC3C925191684CD3B5B /* webrtcvideoencoderfactory.h */ = {isa = PBXFileReference; lastKnownFileType = sourcecode.c.h; path = webrtcvideoencoderfactory.h; sourceTree = "<group>"; };
		63347B7D8DCE79AF021FC50B /* mediasessionclient.cc */ = {isa = PBXFileReference; lastKnownFileType = sourcecode.cpp.cpp; path = mediasessionclient.cc; sourceTree = "<group>"; };
		63530D6D82A7BC0B4DEB572D /* rtcpmuxfilter.h */ = {isa = PBXFileReference; lastKnownFileType = sourcecode.c.h; path = rtcpmuxfilter.h; sourceTree = "<group>"; };
		636F8D27274A2C91B535DC37 /* yuvframegenerator.cc */ = {isa = PBXFileReference; lastKnownFileType = sourcecode.cpp.cpp; path = yuvframegenerator.cc; sourceTree = "<group>"; };
		637EBA6ED3498B0A455BEB7B /* securetunnelsessionclient.h */ = {isa = PBXFileReference; lastKnownFileType = sourcecode.c.h; path = securetunnelsessionclient.h; sourceTree = "<group>"; };
		63F3F90EABBA86DB7010D554 /* yuvframegenerator.h */ = {isa = PBXFileReference; lastKnownFileType = sourcecode.c.h; path = yuvframegenerator.h; sourceTree = "<group>"; };
		67151F3D6701A6D78F17BAE4 /* channelmanager.h */ = {isa = PBXFileReference; lastKnownFileType = sourcecode.c.h; path = channelmanager.h; sourceTree = "<group>"; };
		6AA2305AF337BCDAA76238A7 /* mediastream.h */ = {isa = PBXFileReference; lastKnownFileType = sourcecode.c.h; path = mediastream.h; sourceTree = "<group>"; };
		6D86DD3EB05AE04A6CF628B6 /* audiomonitor.cc */ = {isa = PBXFileReference; lastKnownFileType = sourcecode.cpp.cpp; path = audiomonitor.cc; sourceTree = "<group>"; };
		6E395D579B196A492ECEB6F7 /* yuvframescapturer.h */ = {isa = PBXFileReference; lastKnownFileType = sourcecode.c.h; path = yuvframescapturer.h; sourceTree = "<group>"; };
		6E696269D1E86FE9F0B78375 /* jsepicecandidate.cc */ = {isa = PBXFileReference; lastKnownFileType = sourcecode.cpp.cpp; path = jsepicecandidate.cc; sourceTree = "<group>"; };
		6EC6D0BF4FA4A590E5DED7FB /* portallocatorfactory.cc */ = {isa = PBXFileReference; lastKnownFileType = sourcecode.cpp.cpp; path = portallocatorfactory.cc; sourceTree = "<group>"; };
		70078D528AA39EB5EB56C6F7 /* mediastreaminterface.h */ = {isa = PBXFileReference; lastKnownFileType = sourcecode.c.h; path = mediastreaminterface.h; sourceTree = "<group>"; };
		7508C8C960E1B799FEAC1AD9 /* webrtcmediaengine.h */ = {isa = PBXFileReference; lastKnownFileType = sourcecode.c.h; path = webrtcmediaengine.h; sourceTree = "<group>"; };
		767CF1CE2D4C84F4FA73EA56 /* capturerenderadapter.h */ = {isa = PBXFileReference; lastKnownFileType = sourcecode.c.h; path = capturerenderadapter.h; sourceTree = "<group>"; };
		79C43DCC3CF57787667707D7 /* videoframe.cc */ = {isa = PBXFileReference; lastKnownFileType = sourcecode.cpp.cpp; path = videoframe.cc; sourceTree = "<group>"; };
		79D9531CE78614476FC068E1 /* webrtcvideocapturer.cc */ = {isa = PBXFileReference; lastKnownFileType = sourcecode.cpp.cpp; path = webrtcvideocapturer.cc; sourceTree = "<group>"; };
		7AFB3E42398D0FC83DAB1233 /* videoframefactory.h */ = {isa = PBXFileReference; lastKnownFileType = sourcecode.c.h; path = videoframefactory.h; sourceTree = "<group>"; };
		7BA87CA54F828D8B13BD2E4A /* securetunnelsessionclient.cc */ = {isa = PBXFileReference; lastKnownFileType = sourcecode.cpp.cpp; path = securetunnelsessionclient.cc; sourceTree = "<group>"; };
		7C3D301D3F1D58AA3D3AFE87 /* videoadapter.h */ = {isa = PBXFileReference; lastKnownFileType = sourcecode.c.h; path = videoadapter.h; sourceTree = "<group>"; };
		7C520D82C2777687EE63EBE4 /* notifier.h */ = {isa = PBXFileReference; lastKnownFileType = sourcecode.c.h; path = notifier.h; sourceTree = "<group>"; };
		7C7DED3F6244DA3F191C08BD /* sctpdataengine.h */ = {isa = PBXFileReference; lastKnownFileType = sourcecode.c.h; path = sctpdataengine.h; sourceTree = "<group>"; };
		7CB32583F88535BE2B1AE815 /* channel.h */ = {isa = PBXFileReference; lastKnownFileType = sourcecode.c.h; path = channel.h; sourceTree = "<group>"; };
		7CFE722DB8C4FCFAE60902B0 /* videoprocessor.h */ = {isa = PBXFileReference; lastKnownFileType = sourcecode.c.h; path = videoprocessor.h; sourceTree = "<group>"; };
		7DD0E0AD3E3C9D0FF7CBB91A /* rtpdump.cc */ = {isa = PBXFileReference; lastKnownFileType = sourcecode.cpp.cpp; path = rtpdump.cc; sourceTree = "<group>"; };
		7E8F62880253784008D2968F /* codec.h */ = {isa = PBXFileReference; lastKnownFileType = sourcecode.c.h; path = codec.h; sourceTree = "<group>"; };
		7F22528B1CCAB39EB8337B03 /* videotrackrenderers.cc */ = {isa = PBXFileReference; lastKnownFileType = sourcecode.cpp.cpp; path = videotrackrenderers.cc; sourceTree = "<group>"; };
		7F782D4BA55B971297149855 /* videoframe.h */ = {isa = PBXFileReference; lastKnownFileType = sourcecode.c.h; path = videoframe.h; sourceTree = "<group>"; };
		8072B1781FC26C10F86B3C0B /* webrtcvideoengine.cc */ = {isa = PBXFileReference; lastKnownFileType = sourcecode.cpp.cpp; path = webrtcvideoengine.cc; sourceTree = "<group>"; };
		80E863FF18C03DA33EF0BF2A /* pseudotcpchannel.cc */ = {isa = PBXFileReference; lastKnownFileType = sourcecode.cpp.cpp; path = pseudotcpchannel.cc; sourceTree = "<group>"; };
		845E2081878700F886F9C665 /* mediarecorder.cc */ = {isa = PBXFileReference; lastKnownFileType = sourcecode.cpp.cpp; path = mediarecorder.cc; sourceTree = "<group>"; };
		8947E92968E5426BCAE9F86B /* macdevicemanager.h */ = {isa = PBXFileReference; lastKnownFileType = sourcecode.c.h; path = macdevicemanager.h; sourceTree = "<group>"; };
		89BA7D30D2B188845B39D526 /* videotrack.h */ = {isa = PBXFileReference; lastKnownFileType = sourcecode.c.h; path = videotrack.h; sourceTree = "<group>"; };
		8C300C07120F642C7BD5F67D /* fakescreencapturerfactory.h */ = {isa = PBXFileReference; lastKnownFileType = sourcecode.c.h; path = fakescreencapturerfactory.h; sourceTree = "<group>"; };
		900BE33306E268CC76B361EE /* mediastreamhandler.h */ = {isa = PBXFileReference; lastKnownFileType = sourcecode.c.h; path = mediastreamhandler.h; sourceTree = "<group>"; };
		909D05B0A993CE653A9BF8A6 /* dtmfsenderinterface.h */ = {isa = PBXFileReference; lastKnownFileType = sourcecode.c.h; path = dtmfsenderinterface.h; sourceTree = "<group>"; };
		9181379DD61380C9B4C6DE56 /* webrtcvie.h */ = {isa = PBXFileReference; lastKnownFileType = sourcecode.c.h; path = webrtcvie.h; sourceTree = "<group>"; };
		91A6A30643FC1ADA4006313A /* mediasession.h */ = {isa = PBXFileReference; lastKnownFileType = sourcecode.c.h; path = mediasession.h; sourceTree = "<group>"; };
		91D4A883993827B392378112 /* libjingle_peerconnection.a */ = {isa = PBXFileReference; explicitFileType = archive.ar; includeInIndex = 0; path = libjingle_peerconnection.a; sourceTree = BUILT_PRODUCTS_DIR; };
		92E415B478F179A75A7B0D8D /* peerconnectionfactory.h */ = {isa = PBXFileReference; lastKnownFileType = sourcecode.c.h; path = peerconnectionfactory.h; sourceTree = "<group>"; };
		948A16F4ECC1D0956835016B /* videorenderer.h */ = {isa = PBXFileReference; lastKnownFileType = sourcecode.c.h; path = videorenderer.h; sourceTree = "<group>"; };
		9A84FD3259A0D1A55047A6B4 /* jsep.h */ = {isa = PBXFileReference; lastKnownFileType = sourcecode.c.h; path = jsep.h; sourceTree = "<group>"; };
		9AB911C6516CF42259374DBF /* libjingle_media.a */ = {isa = PBXFileReference; explicitFileType = archive.ar; includeInIndex = 0; path = libjingle_media.a; sourceTree = BUILT_PRODUCTS_DIR; };
		9B2D1F0964724E9601FFB85C /* webrtcexport.h */ = {isa = PBXFileReference; lastKnownFileType = sourcecode.c.h; path = webrtcexport.h; sourceTree = "<group>"; };
		9C91E1150953FB1AE017D0B6 /* videosource.cc */ = {isa = PBXFileReference; lastKnownFileType = sourcecode.cpp.cpp; path = videosource.cc; sourceTree = "<group>"; };
		9DC0946779776CDD14971A4A /* videocapturer.h */ = {isa = PBXFileReference; lastKnownFileType = sourcecode.c.h; path = videocapturer.h; sourceTree = "<group>"; };
		9DF91910389835082680CAA1 /* filevideocapturer.cc */ = {isa = PBXFileReference; lastKnownFileType = sourcecode.cpp.cpp; path = filevideocapturer.cc; sourceTree = "<group>"; };
		A07A29671A82BFBF5C4D74F5 /* mediaengine.cc */ = {isa = PBXFileReference; lastKnownFileType = sourcecode.cpp.cpp; path = mediaengine.cc; sourceTree = "<group>"; };
		A1F58B95C602ECA03C8F2B41 /* jsepsessiondescription.h */ = {isa = PBXFileReference; lastKnownFileType = sourcecode.c.h; path = jsepsessiondescription.h; sourceTree = "<group>"; };
		A296E5F6CE0732065AE5483C /* deviceinfo.h */ = {isa = PBXFileReference; lastKnownFileType = sourcecode.c.h; path = deviceinfo.h; sourceTree = "<group>"; };
		A392E1316E2DAD461AC940D8 /* localaudiosource.h */ = {isa = PBXFileReference; lastKnownFileType = sourcecode.c.h; path = localaudiosource.h; sourceTree = "<group>"; };
		A4ACC22DA73CA143910D5384 /* webrtcvoiceengine.h */ = {isa = PBXFileReference; lastKnownFileType = sourcecode.c.h; path = webrtcvoiceengine.h; sourceTree = "<group>"; };
		A680A45686891EA44D86176D /* webrtcvoe.h */ = {isa = PBXFileReference; lastKnownFileType = sourcecode.c.h; path = webrtcvoe.h; sourceTree = "<group>"; };
		A7B6944CB2D8DC2967B6F2DC /* yuvframescapturer.cc */ = {isa = PBXFileReference; lastKnownFileType = sourcecode.cpp.cpp; path = yuvframescapturer.cc; sourceTree = "<group>"; };
		A85B619E9622798E0B34668C /* mediastreamsignaling.h */ = {isa = PBXFileReference; lastKnownFileType = sourcecode.c.h; path = mediastreamsignaling.h; sourceTree = "<group>"; };
		A87D7B76473B7F71840015EF /* cpuid.cc */ = {isa = PBXFileReference; lastKnownFileType = sourcecode.cpp.cpp; path = cpuid.cc; sourceTree = "<group>"; };
		A9A556C34312E96BD1507354 /* bundlefilter.cc */ = {isa = PBXFileReference; lastKnownFileType = sourcecode.cpp.cpp; path = bundlefilter.cc; sourceTree = "<group>"; };
		AA134BCE842D826E78C55E54 /* cpuid.h */ = {isa = PBXFileReference; lastKnownFileType = sourcecode.c.h; path = cpuid.h; sourceTree = "<group>"; };
		AA805B75450614AE2966F376 /* dtmfsender.cc */ = {isa = PBXFileReference; lastKnownFileType = sourcecode.cpp.cpp; path = dtmfsender.cc; sourceTree = "<group>"; };
		AB315BE2F43484191975B8B2 /* screencastid.h */ = {isa = PBXFileReference; lastKnownFileType = sourcecode.c.h; path = screencastid.h; sourceTree = "<group>"; };
		AC340AF7276F730EF60290F1 /* sctputils.cc */ = {isa = PBXFileReference; lastKnownFileType = sourcecode.cpp.cpp; path = sctputils.cc; sourceTree = "<group>"; };
		ADA50424A0D36D9700C7DF73 /* linphonemediaengine.h */ = {isa = PBXFileReference; lastKnownFileType = sourcecode.c.h; path = linphonemediaengine.h; sourceTree = "<group>"; };
		B00F89C20CFC3FAB25285A7B /* srtpfilter.h */ = {isa = PBXFileReference; lastKnownFileType = sourcecode.c.h; path = srtpfilter.h; sourceTree = "<group>"; };
		B02C2C1DA4E5D5674B033A1F /* mediastreamtrackproxy.h */ = {isa = PBXFileReference; lastKnownFileType = sourcecode.c.h; path = mediastreamtrackproxy.h; sourceTree = "<group>"; };
		B057E68A29C95E7056995EF4 /* libjingle_p2p.a */ = {isa = PBXFileReference; explicitFileType = archive.ar; includeInIndex = 0; path = libjingle_p2p.a; sourceTree = BUILT_PRODUCTS_DIR; };
		B0A1258BCD962EA1BA00F091 /* fakeportallocatorfactory.h */ = {isa = PBXFileReference; lastKnownFileType = sourcecode.c.h; path = fakeportallocatorfactory.h; sourceTree = "<group>"; };
		B31E7AC51F49E990927D7DAB /* filemediaengine.h */ = {isa = PBXFileReference; lastKnownFileType = sourcecode.c.h; path = filemediaengine.h; sourceTree = "<group>"; };
		B4280604B2F101A12D562AB2 /* webrtcvideoframefactory.h */ = {isa = PBXFileReference; lastKnownFileType = sourcecode.c.h; path = webrtcvideoframefactory.h; sourceTree = "<group>"; };
		B565A0C6945F96813B95AE53 /* mediastream.cc */ = {isa = PBXFileReference; lastKnownFileType = sourcecode.cpp.cpp; path = mediastream.cc; sourceTree = "<group>"; };
		BA7914A53F6BBA3DF9C1F98E /* dummydevicemanager.h */ = {isa = PBXFileReference; lastKnownFileType = sourcecode.c.h; path = dummydevicemanager.h; sourceTree = "<group>"; };
		BADC904B027441CC50BBD43A /* webrtctexturevideoframe.cc */ = {isa = PBXFileReference; lastKnownFileType = sourcecode.cpp.cpp; path = webrtctexturevideoframe.cc; sourceTree = "<group>"; };
		BC71491854B0F6A5F5E4AFEE /* portallocatorfactory.h */ = {isa = PBXFileReference; lastKnownFileType = sourcecode.c.h; path = portallocatorfactory.h; sourceTree = "<group>"; };
		BD24BC73513A7F110B7F1B0D /* webrtcvideoframe.h */ = {isa = PBXFileReference; lastKnownFileType = sourcecode.c.h; path = webrtcvideoframe.h; sourceTree = "<group>"; };
		C1FA734707885162F38721C4 /* capturemanager.h */ = {isa = PBXFileReference; lastKnownFileType = sourcecode.c.h; path = capturemanager.h; sourceTree = "<group>"; };
		C20407E18D8EF87AEEA94B44 /* cryptoparams.h */ = {isa = PBXFileReference; lastKnownFileType = sourcecode.c.h; path = cryptoparams.h; sourceTree = "<group>"; };
		C4DB93865C488086249F6A14 /* mediasession.cc */ = {isa = PBXFileReference; lastKnownFileType = sourcecode.cpp.cpp; path = mediasession.cc; sourceTree = "<group>"; };
		C5B00B0A701C7A3B3132F605 /* audiorenderer.h */ = {isa = PBXFileReference; lastKnownFileType = sourcecode.c.h; path = audiorenderer.h; sourceTree = "<group>"; };
		C5ECACDAAF71A86699557846 /* srtpfilter.cc */ = {isa = PBXFileReference; lastKnownFileType = sourcecode.cpp.cpp; path = srtpfilter.cc; sourceTree = "<group>"; };
		C722562CCC2458CADCCD5E12 /* webrtcvideoengine2.cc */ = {isa = PBXFileReference; lastKnownFileType = sourcecode.cpp.cpp; path = webrtcvideoengine2.cc; sourceTree = "<group>"; };
		C74F6FCA3E4787E99B7321F8 /* soundclip.h */ = {isa = PBXFileReference; lastKnownFileType = sourcecode.c.h; path = soundclip.h; sourceTree = "<group>"; };
		C8A865F414064BF3F539DE18 /* audioframe.h */ = {isa = PBXFileReference; lastKnownFileType = sourcecode.c.h; path = audioframe.h; sourceTree = "<group>"; };
		C946D3F80E91F0CE4BD83F93 /* remotevideocapturer.cc */ = {isa = PBXFileReference; lastKnownFileType = sourcecode.cpp.cpp; path = remotevideocapturer.cc; sourceTree = "<group>"; };
		CAC9D7547E1F478DE362CAC8 /* videoadapter.cc */ = {isa = PBXFileReference; lastKnownFileType = sourcecode.cpp.cpp; path = videoadapter.cc; sourceTree = "<group>"; };
		CDFCE456F0C456462E762DFB /* mediastreamproxy.h */ = {isa = PBXFileReference; lastKnownFileType = sourcecode.c.h; path = mediastreamproxy.h; sourceTree = "<group>"; };
		CE0E11ACB6B34A4E603A210B /* call.h */ = {isa = PBXFileReference; lastKnownFileType = sourcecode.c.h; path = call.h; sourceTree = "<group>"; };
		CE60F131F4A385F1EE21C46C /* remoteaudiosource.cc */ = {isa = PBXFileReference; lastKnownFileType = sourcecode.cpp.cpp; path = remoteaudiosource.cc; sourceTree = "<group>"; };
		CED2DBE4C2DD25FE3869BD69 /* codec.cc */ = {isa = PBXFileReference; lastKnownFileType = sourcecode.cpp.cpp; path = codec.cc; sourceTree = "<group>"; };
		CF54A896BD6DBE1645E501B2 /* peerconnectionfactory.cc */ = {isa = PBXFileReference; lastKnownFileType = sourcecode.cpp.cpp; path = peerconnectionfactory.cc; sourceTree = "<group>"; };
		D0B86031CBDA569B5F5AE736 /* mediasessionclient.h */ = {isa = PBXFileReference; lastKnownFileType = sourcecode.c.h; path = mediasessionclient.h; sourceTree = "<group>"; };
		D26B9CC805EDD07A447254B9 /* currentspeakermonitor.cc */ = {isa = PBXFileReference; lastKnownFileType = sourcecode.cpp.cpp; path = currentspeakermonitor.cc; sourceTree = "<group>"; };
		D4C3B026B199F82A7CFDB6EE /* webrtcpassthroughrender.h */ = {isa = PBXFileReference; lastKnownFileType = sourcecode.c.h; path = webrtcpassthroughrender.h; sourceTree = "<group>"; };
		D51D642EB5A3AF692C4EEB9A /* channel.cc */ = {isa = PBXFileReference; lastKnownFileType = sourcecode.cpp.cpp; path = channel.cc; sourceTree = "<group>"; };
		DAB150BA395B88FAB8D24171 /* tunnelsessionclient.h */ = {isa = PBXFileReference; lastKnownFileType = sourcecode.c.h; path = tunnelsessionclient.h; sourceTree = "<group>"; };
		DAD7F8E4F0FD75319A84F1BA /* videorendererfactory.h */ = {isa = PBXFileReference; lastKnownFileType = sourcecode.c.h; path = videorendererfactory.h; sourceTree = "<group>"; };
		DEF67E581EAC599674431E9F /* jsepicecandidate.h */ = {isa = PBXFileReference; lastKnownFileType = sourcecode.c.h; path = jsepicecandidate.h; sourceTree = "<group>"; };
		E227D6E29C05E4C51D62D38E /* peerconnectioninterface.h */ = {isa = PBXFileReference; lastKnownFileType = sourcecode.c.h; path = peerconnectioninterface.h; sourceTree = "<group>"; };
		E252D20892AF3E83A4BA94B8 /* videosourceinterface.h */ = {isa = PBXFileReference; lastKnownFileType = sourcecode.c.h; path = videosourceinterface.h; sourceTree = "<group>"; };
		E2876E142A9044620E3F598B /* mediastreamtrack.h */ = {isa = PBXFileReference; lastKnownFileType = sourcecode.c.h; path = mediastreamtrack.h; sourceTree = "<group>"; };
		E2D231FCA9F474D87B653872 /* devicemanager.h */ = {isa = PBXFileReference; lastKnownFileType = sourcecode.c.h; path = devicemanager.h; sourceTree = "<group>"; };
		E52A4182282BF431C306D22E /* mediamessages.h */ = {isa = PBXFileReference; lastKnownFileType = sourcecode.c.h; path = mediamessages.h; sourceTree = "<group>"; };
		E56A9782669D5D44F8D70A52 /* datachannel.h */ = {isa = PBXFileReference; lastKnownFileType = sourcecode.c.h; path = datachannel.h; sourceTree = "<group>"; };
		E7254D8F5DAC709768AA78AA /* videotrack.cc */ = {isa = PBXFileReference; lastKnownFileType = sourcecode.cpp.cpp; path = videotrack.cc; sourceTree = "<group>"; };
		E7327CF6ED38E510711E5AF7 /* sctputils.h */ = {isa = PBXFileReference; lastKnownFileType = sourcecode.c.h; path = sctputils.h; sourceTree = "<group>"; };
		E881A89560F9B91360E843F0 /* proxy.h */ = {isa = PBXFileReference; lastKnownFileType = sourcecode.c.h; path = proxy.h; sourceTree = "<group>"; };
		EBC038641503F1794B2CED4A /* webrtcvideodecoderfactory.h */ = {isa = PBXFileReference; lastKnownFileType = sourcecode.c.h; path = webrtcvideodecoderfactory.h; sourceTree = "<group>"; };
		ED3BFE66684BF0D495E47813 /* webrtcsdp.h */ = {isa = PBXFileReference; lastKnownFileType = sourcecode.c.h; path = webrtcsdp.h; sourceTree = "<group>"; };
		EED01F9172574475ADD3BED1 /* streamcollection.h */ = {isa = PBXFileReference; lastKnownFileType = sourcecode.c.h; path = streamcollection.h; sourceTree = "<group>"; };
		EEE6F4FA84F255E0AA4B4CDD /* rtpdataengine.cc */ = {isa = PBXFileReference; lastKnownFileType = sourcecode.cpp.cpp; path = rtpdataengine.cc; sourceTree = "<group>"; };
		EF53F3C0867D436B77BC6B7E /* typingmonitor.h */ = {isa = PBXFileReference; lastKnownFileType = sourcecode.c.h; path = typingmonitor.h; sourceTree = "<group>"; };
		F0E949B31FF419F7B87E1C48 /* videocapturer.cc */ = {isa = PBXFileReference; lastKnownFileType = sourcecode.cpp.cpp; path = videocapturer.cc; sourceTree = "<group>"; };
		F1F66FD370DBED4566A12898 /* hybriddataengine.h */ = {isa = PBXFileReference; lastKnownFileType = sourcecode.c.h; path = hybriddataengine.h; sourceTree = "<group>"; };
		F3776F35650D75A751C7436C /* webrtcvideocapturer.h */ = {isa = PBXFileReference; lastKnownFileType = sourcecode.c.h; path = webrtcvideocapturer.h; sourceTree = "<group>"; };
		F47B3E14221A6B7E26324C62 /* audiotrack.cc */ = {isa = PBXFileReference; lastKnownFileType = sourcecode.cpp.cpp; path = audiotrack.cc; sourceTree = "<group>"; };
		F6A54A928A9A9F0A2D7ADFFB /* webrtcvideoengine2.h */ = {isa = PBXFileReference; lastKnownFileType = sourcecode.c.h; path = webrtcvideoengine2.h; sourceTree = "<group>"; };
		F6CD6729D79D5BC2E75BD5E3 /* macdevicemanager.cc */ = {isa = PBXFileReference; lastKnownFileType = sourcecode.cpp.cpp; path = macdevicemanager.cc; sourceTree = "<group>"; };
		F876434390866BF51BAFD288 /* rtpdump.h */ = {isa = PBXFileReference; lastKnownFileType = sourcecode.c.h; path = rtpdump.h; sourceTree = "<group>"; };
		F8F142845CD0722EC98975B8 /* peerconnection.cc */ = {isa = PBXFileReference; lastKnownFileType = sourcecode.cpp.cpp; path = peerconnection.cc; sourceTree = "<group>"; };
		FAEB76B0B79D75B9204681B3 /* statstypes.h */ = {isa = PBXFileReference; lastKnownFileType = sourcecode.c.h; path = statstypes.h; sourceTree = "<group>"; };
		FCD077C15AEE16390FD75F55 /* mediamonitor.h */ = {isa = PBXFileReference; lastKnownFileType = sourcecode.c.h; path = mediamonitor.h; sourceTree = "<group>"; };
		FCF663DC099AEFD4D184CEA7 /* peerconnectionproxy.h */ = {isa = PBXFileReference; lastKnownFileType = sourcecode.c.h; path = peerconnectionproxy.h; sourceTree = "<group>"; };
		FE8F5DD94CCDDBC546B7858B /* videosourceproxy.h */ = {isa = PBXFileReference; lastKnownFileType = sourcecode.c.h; path = videosourceproxy.h; sourceTree = "<group>"; };
		FF5AF0394A4F81DF4A6C2529 /* call.cc */ = {isa = PBXFileReference; lastKnownFileType = sourcecode.cpp.cpp; path = call.cc; sourceTree = "<group>"; };
		FF838DC4998FB04B1817390E /* videosource.h */ = {isa = PBXFileReference; lastKnownFileType = sourcecode.c.h; path = videosource.h; sourceTree = "<group>"; };
/* End PBXFileReference section */

/* Begin PBXFrameworksBuildPhase section */
		094051533EC05BA4A5A7B84C /* Frameworks */ = {
			isa = PBXFrameworksBuildPhase;
			buildActionMask = 2147483647;
			files = (
			);
			runOnlyForDeploymentPostprocessing = 0;
		};
		AA199B7B72B2F576B36B91CC /* Frameworks */ = {
			isa = PBXFrameworksBuildPhase;
			buildActionMask = 2147483647;
			files = (
			);
			runOnlyForDeploymentPostprocessing = 0;
		};
		EED890B4D3BAE3658D4C72F8 /* Frameworks */ = {
			isa = PBXFrameworksBuildPhase;
			buildActionMask = 2147483647;
			files = (
			);
			runOnlyForDeploymentPostprocessing = 0;
		};
/* End PBXFrameworksBuildPhase section */

/* Begin PBXGroup section */
		1A268B26016E0D129459739F /* session */ = {
			isa = PBXGroup;
			children = (
				947F163F36FBAE785CBDC75C /* media */,
				BE7DBB7241BE95293B5E71EA /* tunnel */,
			);
			path = session;
			sourceTree = "<group>";
		};
		2A2C32A86FA07DF7CBC31B87 = {
			isa = PBXGroup;
			children = (
				8B83F20D5DD9312181D7387C /* Source */,
				76355D296052F36724348761 /* Projects */,
				5468159DC9FB4874546B7187 /* Products */,
				BD91B000594492089B4135D5 /* Build */,
			);
			sourceTree = "<group>";
		};
		3BA0DC517C9151093C8BDB0D /* Products */ = {
			isa = PBXGroup;
			children = (
				3A4AA2C998835F59FD0D6FAB /* libjsoncpp.a */,
			);
			name = Products;
			sourceTree = "<group>";
		};
		5468159DC9FB4874546B7187 /* Products */ = {
			isa = PBXGroup;
			children = (
				9AB911C6516CF42259374DBF /* libjingle_media.a */,
				B057E68A29C95E7056995EF4 /* libjingle_p2p.a */,
				91D4A883993827B392378112 /* libjingle_peerconnection.a */,
			);
			name = Products;
			sourceTree = "<group>";
		};
		6284DEE48C1656A993293ECA /* webrtc */ = {
			isa = PBXGroup;
			children = (
				5955A91A6D27778892B065BB /* webrtccommon.h */,
				9B2D1F0964724E9601FFB85C /* webrtcexport.h */,
				4474BEC0FC73156AD39047F2 /* webrtcmediaengine.cc */,
				7508C8C960E1B799FEAC1AD9 /* webrtcmediaengine.h */,
				1EB46718CDD6FF8683D81E98 /* webrtcpassthroughrender.cc */,
				D4C3B026B199F82A7CFDB6EE /* webrtcpassthroughrender.h */,
				BADC904B027441CC50BBD43A /* webrtctexturevideoframe.cc */,
				444DB0CEF18B03C349D325BB /* webrtctexturevideoframe.h */,
				79D9531CE78614476FC068E1 /* webrtcvideocapturer.cc */,
				F3776F35650D75A751C7436C /* webrtcvideocapturer.h */,
				5C2CE8953B6448B09890F092 /* webrtcvideocapturerfactory.cc */,
				523620ADD360AA8F621A3AFB /* webrtcvideocapturerfactory.h */,
				EBC038641503F1794B2CED4A /* webrtcvideodecoderfactory.h */,
				63233CC3C925191684CD3B5B /* webrtcvideoencoderfactory.h */,
				8072B1781FC26C10F86B3C0B /* webrtcvideoengine.cc */,
				629A099A369BA969751DD630 /* webrtcvideoengine.h */,
				C722562CCC2458CADCCD5E12 /* webrtcvideoengine2.cc */,
				F6A54A928A9A9F0A2D7ADFFB /* webrtcvideoengine2.h */,
				04820E4929C4BCE22EE074FF /* webrtcvideoframe.cc */,
				BD24BC73513A7F110B7F1B0D /* webrtcvideoframe.h */,
				034F70414227689E9F76847B /* webrtcvideoframefactory.cc */,
				B4280604B2F101A12D562AB2 /* webrtcvideoframefactory.h */,
				9181379DD61380C9B4C6DE56 /* webrtcvie.h */,
				A680A45686891EA44D86176D /* webrtcvoe.h */,
				2B4C33E2644833A22F8763CA /* webrtcvoiceengine.cc */,
				A4ACC22DA73CA143910D5384 /* webrtcvoiceengine.h */,
			);
			path = webrtc;
			sourceTree = "<group>";
		};
		74AF5886354071F5B1B5AF53 /* media */ = {
			isa = PBXGroup;
			children = (
				97049C931E3F340DA8F8122A /* base */,
				E8DA77727E5C6A5418122DB7 /* devices */,
				CBBA573D9E4E4998FE480D3B /* other */,
				E89CEEEFE5301A95E375469E /* sctp */,
				6284DEE48C1656A993293ECA /* webrtc */,
			);
			path = media;
			sourceTree = "<group>";
		};
		76355D296052F36724348761 /* Projects */ = {
			isa = PBXGroup;
			children = (
				022777242586B58F7D303C04 /* base.xcodeproj */,
				43E6F69ABBE6ECD35E487132 /* expat.xcodeproj */,
				08879A068CE49BDD5B699B4A /* jsoncpp.xcodeproj */,
			);
			name = Projects;
			sourceTree = "<group>";
		};
		88BCCCB16710CAA70B325AF0 /* Products */ = {
			isa = PBXGroup;
			children = (
				F9EFA7CD6A8BDFD664252517 /* libexpat.a */,
			);
			name = Products;
			sourceTree = "<group>";
		};
		8B83F20D5DD9312181D7387C /* Source */ = {
			isa = PBXGroup;
			children = (
				E3F0CEA449F05E998B3C3E65 /* app/webrtc */,
				74AF5886354071F5B1B5AF53 /* media */,
				1A268B26016E0D129459739F /* session */,
			);
			name = Source;
			sourceTree = "<group>";
		};
		947F163F36FBAE785CBDC75C /* media */ = {
			isa = PBXGroup;
			children = (
				6D86DD3EB05AE04A6CF628B6 /* audiomonitor.cc */,
				2E0CC672C949D25B3F11EBEB /* audiomonitor.h */,
				A9A556C34312E96BD1507354 /* bundlefilter.cc */,
				4011461EB4804F8879ED22D3 /* bundlefilter.h */,
				FF5AF0394A4F81DF4A6C2529 /* call.cc */,
				CE0E11ACB6B34A4E603A210B /* call.h */,
				D51D642EB5A3AF692C4EEB9A /* channel.cc */,
				7CB32583F88535BE2B1AE815 /* channel.h */,
				28B8107DD9B15616C9EC912E /* channelmanager.cc */,
				67151F3D6701A6D78F17BAE4 /* channelmanager.h */,
				D26B9CC805EDD07A447254B9 /* currentspeakermonitor.cc */,
				601A00E0A4C07418E5A365FB /* currentspeakermonitor.h */,
				0499B53F7AE700BA27E69594 /* mediamessages.cc */,
				E52A4182282BF431C306D22E /* mediamessages.h */,
				50812F37DC82C410E23D1BA2 /* mediamonitor.cc */,
				FCD077C15AEE16390FD75F55 /* mediamonitor.h */,
				845E2081878700F886F9C665 /* mediarecorder.cc */,
				4288EF72B33FBBBCE6F68F31 /* mediarecorder.h */,
				C4DB93865C488086249F6A14 /* mediasession.cc */,
				91A6A30643FC1ADA4006313A /* mediasession.h */,
				63347B7D8DCE79AF021FC50B /* mediasessionclient.cc */,
				D0B86031CBDA569B5F5AE736 /* mediasessionclient.h */,
				16DDE2F491FC9E22860895F3 /* mediasink.h */,
				03401D9AA31AB00E50F53816 /* rtcpmuxfilter.cc */,
				63530D6D82A7BC0B4DEB572D /* rtcpmuxfilter.h */,
				40C23A2CE1211C2D4C4148D0 /* soundclip.cc */,
				C74F6FCA3E4787E99B7321F8 /* soundclip.h */,
				C5ECACDAAF71A86699557846 /* srtpfilter.cc */,
				B00F89C20CFC3FAB25285A7B /* srtpfilter.h */,
				10AFAA3A9D2E0BE1008B92BD /* typingmonitor.cc */,
				EF53F3C0867D436B77BC6B7E /* typingmonitor.h */,
				444F256F747B643DDB013CD1 /* voicechannel.h */,
			);
			path = media;
			sourceTree = "<group>";
		};
		97049C931E3F340DA8F8122A /* base */ = {
			isa = PBXGroup;
			children = (
				C8A865F414064BF3F539DE18 /* audioframe.h */,
				C5B00B0A701C7A3B3132F605 /* audiorenderer.h */,
				53BB6A677774AC4202B93605 /* capturemanager.cc */,
				C1FA734707885162F38721C4 /* capturemanager.h */,
				4EFE42D1EE2D3308C69C1CB6 /* capturerenderadapter.cc */,
				767CF1CE2D4C84F4FA73EA56 /* capturerenderadapter.h */,
				CED2DBE4C2DD25FE3869BD69 /* codec.cc */,
				7E8F62880253784008D2968F /* codec.h */,
				1213BA45B4230F5B5BE72B4D /* constants.cc */,
				4E505C679351EF2A7BC73A6F /* constants.h */,
				A87D7B76473B7F71840015EF /* cpuid.cc */,
				AA134BCE842D826E78C55E54 /* cpuid.h */,
				C20407E18D8EF87AEEA94B44 /* cryptoparams.h */,
				37B8C8E589AB0CF4204E4B40 /* device.h */,
				8C300C07120F642C7BD5F67D /* fakescreencapturerfactory.h */,
				30B559620DA4BBF90ED89112 /* filemediaengine.cc */,
				B31E7AC51F49E990927D7DAB /* filemediaengine.h */,
				F1F66FD370DBED4566A12898 /* hybriddataengine.h */,
				1F76BF3949473F20FE0A036F /* mediachannel.h */,
				21E458842A965A6C25E54916 /* mediacommon.h */,
				A07A29671A82BFBF5C4D74F5 /* mediaengine.cc */,
				183AE09A6037383341345C6B /* mediaengine.h */,
				EEE6F4FA84F255E0AA4B4CDD /* rtpdataengine.cc */,
				4824244F2A402B5D0D0DF203 /* rtpdataengine.h */,
				7DD0E0AD3E3C9D0FF7CBB91A /* rtpdump.cc */,
				F876434390866BF51BAFD288 /* rtpdump.h */,
				186C88717A47E860A5DE826F /* rtputils.cc */,
				1FED1A1130F57E71A662035C /* rtputils.h */,
				AB315BE2F43484191975B8B2 /* screencastid.h */,
				1EE33DC2EB845B9B5647FB5C /* streamparams.cc */,
				2B407172B8FFEFACAB5C2F2F /* streamparams.h */,
				CAC9D7547E1F478DE362CAC8 /* videoadapter.cc */,
				7C3D301D3F1D58AA3D3AFE87 /* videoadapter.h */,
				F0E949B31FF419F7B87E1C48 /* videocapturer.cc */,
				9DC0946779776CDD14971A4A /* videocapturer.h */,
				47FD96FC5D2CB68ED376A775 /* videocapturerfactory.h */,
				08907E32C12A4A250C7135E4 /* videocommon.cc */,
				4FC08081C67A2424E5EEBF95 /* videocommon.h */,
				79C43DCC3CF57787667707D7 /* videoframe.cc */,
				7F782D4BA55B971297149855 /* videoframe.h */,
				7AFB3E42398D0FC83DAB1233 /* videoframefactory.h */,
				7CFE722DB8C4FCFAE60902B0 /* videoprocessor.h */,
				948A16F4ECC1D0956835016B /* videorenderer.h */,
				419CC83C38FFD2C0619AA8CE /* voiceprocessor.h */,
				636F8D27274A2C91B535DC37 /* yuvframegenerator.cc */,
				63F3F90EABBA86DB7010D554 /* yuvframegenerator.h */,
			);
			path = base;
			sourceTree = "<group>";
		};
		BD91B000594492089B4135D5 /* Build */ = {
			isa = PBXGroup;
			children = (
				40AF84C18AF41DAFFC53C1A1 /* common.gypi */,
				3F8398BE4C9D6E66E9E5C97C /* libjingle.gyp */,
			);
			name = Build;
			sourceTree = "<group>";
		};
		BE7DBB7241BE95293B5E71EA /* tunnel */ = {
			isa = PBXGroup;
			children = (
				80E863FF18C03DA33EF0BF2A /* pseudotcpchannel.cc */,
				30B11E375125DE9A20BCCCF6 /* pseudotcpchannel.h */,
				7BA87CA54F828D8B13BD2E4A /* securetunnelsessionclient.cc */,
				637EBA6ED3498B0A455BEB7B /* securetunnelsessionclient.h */,
				3D823C9644DEEE634B11D5D7 /* tunnelsessionclient.cc */,
				DAB150BA395B88FAB8D24171 /* tunnelsessionclient.h */,
			);
			path = tunnel;
			sourceTree = "<group>";
		};
		C4E89CF9065CE05751B5BA97 /* Products */ = {
			isa = PBXGroup;
			children = (
				6E79226F6AA77C6B786D7BCB /* librtc_base_approved.a */,
				BC13904DF70EFCA56FEF5770 /* librtc_base.a */,
			);
			name = Products;
			sourceTree = "<group>";
		};
		CBBA573D9E4E4998FE480D3B /* other */ = {
			isa = PBXGroup;
			children = (
				ADA50424A0D36D9700C7DF73 /* linphonemediaengine.h */,
			);
			path = other;
			sourceTree = "<group>";
		};
		E3F0CEA449F05E998B3C3E65 /* app/webrtc */ = {
			isa = PBXGroup;
			children = (
				F47B3E14221A6B7E26324C62 /* audiotrack.cc */,
				1C07F2E87E56974BE4145202 /* audiotrack.h */,
				54BD0E3E4DB07524C0D37257 /* audiotrackrenderer.cc */,
				2188F74F1DB2BED67A205FC2 /* audiotrackrenderer.h */,
				0992F87578AF1F8D386BBA43 /* datachannel.cc */,
				E56A9782669D5D44F8D70A52 /* datachannel.h */,
				2755BFA6B4202B7BD7268B7B /* datachannelinterface.h */,
				AA805B75450614AE2966F376 /* dtmfsender.cc */,
				04567D7DC2C812F89FB03292 /* dtmfsender.h */,
				909D05B0A993CE653A9BF8A6 /* dtmfsenderinterface.h */,
				B0A1258BCD962EA1BA00F091 /* fakeportallocatorfactory.h */,
				9A84FD3259A0D1A55047A6B4 /* jsep.h */,
				6E696269D1E86FE9F0B78375 /* jsepicecandidate.cc */,
				DEF67E581EAC599674431E9F /* jsepicecandidate.h */,
				2F22A3B70AAC22CB1AEFEF34 /* jsepsessiondescription.cc */,
				A1F58B95C602ECA03C8F2B41 /* jsepsessiondescription.h */,
				0D31BFCF2BD8A9B8699F9D87 /* localaudiosource.cc */,
				A392E1316E2DAD461AC940D8 /* localaudiosource.h */,
				1A2D00B39DFEFB04C329BBAC /* mediaconstraintsinterface.cc */,
				20CE105C00FA5F58A211B04D /* mediaconstraintsinterface.h */,
				B565A0C6945F96813B95AE53 /* mediastream.cc */,
				6AA2305AF337BCDAA76238A7 /* mediastream.h */,
				353195C19341697D7FCBE887 /* mediastreamhandler.cc */,
				900BE33306E268CC76B361EE /* mediastreamhandler.h */,
				70078D528AA39EB5EB56C6F7 /* mediastreaminterface.h */,
				528948D811561C40192218CD /* mediastreamprovider.h */,
				CDFCE456F0C456462E762DFB /* mediastreamproxy.h */,
				0BD49B4B02E3B75362F28F9E /* mediastreamsignaling.cc */,
				A85B619E9622798E0B34668C /* mediastreamsignaling.h */,
				E2876E142A9044620E3F598B /* mediastreamtrack.h */,
				B02C2C1DA4E5D5674B033A1F /* mediastreamtrackproxy.h */,
				7C520D82C2777687EE63EBE4 /* notifier.h */,
				F8F142845CD0722EC98975B8 /* peerconnection.cc */,
				60B98A06C49C5D2181A7FBA8 /* peerconnection.h */,
				CF54A896BD6DBE1645E501B2 /* peerconnectionfactory.cc */,
				92E415B478F179A75A7B0D8D /* peerconnectionfactory.h */,
				E227D6E29C05E4C51D62D38E /* peerconnectioninterface.h */,
				FCF663DC099AEFD4D184CEA7 /* peerconnectionproxy.h */,
				6EC6D0BF4FA4A590E5DED7FB /* portallocatorfactory.cc */,
				BC71491854B0F6A5F5E4AFEE /* portallocatorfactory.h */,
				E881A89560F9B91360E843F0 /* proxy.h */,
				CE60F131F4A385F1EE21C46C /* remoteaudiosource.cc */,
				1E8B2C62C6205667ED5A7749 /* remoteaudiosource.h */,
				C946D3F80E91F0CE4BD83F93 /* remotevideocapturer.cc */,
				0C7ABFE198146528783A3863 /* remotevideocapturer.h */,
				AC340AF7276F730EF60290F1 /* sctputils.cc */,
				E7327CF6ED38E510711E5AF7 /* sctputils.h */,
				5CBBE2704B7B84D75B79F237 /* statscollector.cc */,
				25D7DF5B42F3287F121581F5 /* statscollector.h */,
				FAEB76B0B79D75B9204681B3 /* statstypes.h */,
				EED01F9172574475ADD3BED1 /* streamcollection.h */,
				9C91E1150953FB1AE017D0B6 /* videosource.cc */,
				FF838DC4998FB04B1817390E /* videosource.h */,
				E252D20892AF3E83A4BA94B8 /* videosourceinterface.h */,
				FE8F5DD94CCDDBC546B7858B /* videosourceproxy.h */,
				E7254D8F5DAC709768AA78AA /* videotrack.cc */,
				89BA7D30D2B188845B39D526 /* videotrack.h */,
				7F22528B1CCAB39EB8337B03 /* videotrackrenderers.cc */,
				02C6C64306CE1676452FB3FC /* videotrackrenderers.h */,
				27DB3C08733F28C0CDF86117 /* webrtcsdp.cc */,
				ED3BFE66684BF0D495E47813 /* webrtcsdp.h */,
				2C58E890D1336CA83D802D12 /* webrtcsession.cc */,
				48FBF3D5F5474C55912320DB /* webrtcsession.h */,
				3B1926E0AED3D392DD70F347 /* webrtcsessiondescriptionfactory.cc */,
				5F65F5913E018B33C0584016 /* webrtcsessiondescriptionfactory.h */,
			);
			path = app/webrtc;
			sourceTree = "<group>";
		};
		E89CEEEFE5301A95E375469E /* sctp */ = {
			isa = PBXGroup;
			children = (
				22222E015294D02261BE2B20 /* sctpdataengine.cc */,
				7C7DED3F6244DA3F191C08BD /* sctpdataengine.h */,
			);
			path = sctp;
			sourceTree = "<group>";
		};
		E8DA77727E5C6A5418122DB7 /* devices */ = {
			isa = PBXGroup;
			children = (
				A296E5F6CE0732065AE5483C /* deviceinfo.h */,
				145CA61D24C77A000F1BF43A /* devicemanager.cc */,
				E2D231FCA9F474D87B653872 /* devicemanager.h */,
				BA7914A53F6BBA3DF9C1F98E /* dummydevicemanager.h */,
				9DF91910389835082680CAA1 /* filevideocapturer.cc */,
				0A369EA3CAF4FB0742786DAD /* filevideocapturer.h */,
				3D82B5046EF49AEFAE20A29B /* macdeviceinfo.cc */,
				F6CD6729D79D5BC2E75BD5E3 /* macdevicemanager.cc */,
				8947E92968E5426BCAE9F86B /* macdevicemanager.h */,
				50721E6C82EB84892AC37E28 /* macdevicemanagermm.mm */,
				DAD7F8E4F0FD75319A84F1BA /* videorendererfactory.h */,
				A7B6944CB2D8DC2967B6F2DC /* yuvframescapturer.cc */,
				6E395D579B196A492ECEB6F7 /* yuvframescapturer.h */,
			);
			path = devices;
			sourceTree = "<group>";
		};
/* End PBXGroup section */

/* Begin PBXNativeTarget section */
		4A5819C3A2AFACB096EE0792 /* libjingle_peerconnection */ = {
			isa = PBXNativeTarget;
			buildConfigurationList = 0E2A2C857032F5ABABFAEE15 /* Build configuration list for PBXNativeTarget "libjingle_peerconnection" */;
			buildPhases = (
				1EAA1930A2D5160D285FBFBE /* Sources */,
				EED890B4D3BAE3658D4C72F8 /* Frameworks */,
			);
			buildRules = (
			);
			dependencies = (
				EE566DE1D9932FFB3756054D /* PBXTargetDependency */,
			);
			name = libjingle_peerconnection;
			productName = jingle_peerconnection;
			productReference = 91D4A883993827B392378112 /* libjingle_peerconnection.a */;
			productType = "com.apple.product-type.library.static";
		};
		4FBB32061B4704DEEE6D0A27 /* libjingle_media */ = {
			isa = PBXNativeTarget;
			buildConfigurationList = 46736E7260368D20AF875BA0 /* Build configuration list for PBXNativeTarget "libjingle_media" */;
			buildPhases = (
				5865CC816F573C400E2F0DCC /* Sources */,
				094051533EC05BA4A5A7B84C /* Frameworks */,
			);
			buildRules = (
			);
			dependencies = (
				C88A72734C3E78E0F1FCEBAC /* PBXTargetDependency */,
			);
			name = libjingle_media;
			productName = jingle_media;
			productReference = 9AB911C6516CF42259374DBF /* libjingle_media.a */;
			productType = "com.apple.product-type.library.static";
		};
		782E8193107BB38F530E75A6 /* libjingle_p2p */ = {
			isa = PBXNativeTarget;
			buildConfigurationList = 1A13E7CCAE8DDDAE9D5EEB6A /* Build configuration list for PBXNativeTarget "libjingle_p2p" */;
			buildPhases = (
				0CE4981167FDD647CB3F98AC /* Sources */,
				AA199B7B72B2F576B36B91CC /* Frameworks */,
			);
			buildRules = (
			);
			dependencies = (
				0452FE318F937154E72647D1 /* PBXTargetDependency */,
			);
			name = libjingle_p2p;
			productName = jingle_p2p;
			productReference = B057E68A29C95E7056995EF4 /* libjingle_p2p.a */;
			productType = "com.apple.product-type.library.static";
		};
/* End PBXNativeTarget section */

/* Begin PBXProject section */
		2B6EFE0C02DF1FCFE366491D /* Project object */ = {
			isa = PBXProject;
			attributes = {
				BuildIndependentTargetsInParallel = YES;
			};
			buildConfigurationList = 569DD1A96A4E0B46A0018B2D /* Build configuration list for PBXProject "libjingle" */;
			compatibilityVersion = "Xcode 3.2";
			hasScannedForEncodings = 1;
			mainGroup = 2A2C32A86FA07DF7CBC31B87;
			projectDirPath = "";
			projectReferences = (
				{
					ProductGroup = C4E89CF9065CE05751B5BA97 /* Products */;
					ProjectRef = 022777242586B58F7D303C04 /* base.xcodeproj */;
				},
				{
					ProductGroup = 88BCCCB16710CAA70B325AF0 /* Products */;
					ProjectRef = 43E6F69ABBE6ECD35E487132 /* expat.xcodeproj */;
				},
				{
					ProductGroup = 3BA0DC517C9151093C8BDB0D /* Products */;
					ProjectRef = 08879A068CE49BDD5B699B4A /* jsoncpp.xcodeproj */;
				},
			);
			projectRoot = "";
			targets = (
				AAA579649E71CD3517DD62E5 /* All */,
				6A37987E8B1CC501FC44DCFC /* libjingle */,
				4FBB32061B4704DEEE6D0A27 /* libjingle_media */,
				782E8193107BB38F530E75A6 /* libjingle_p2p */,
				4A5819C3A2AFACB096EE0792 /* libjingle_peerconnection */,
			);
		};
/* End PBXProject section */

/* Begin PBXReferenceProxy section */
		3A4AA2C998835F59FD0D6FAB /* libjsoncpp.a */ = {
			isa = PBXReferenceProxy;
			fileType = archive.ar;
			path = libjsoncpp.a;
			remoteRef = DE0A58CB95153A4D74036741 /* PBXContainerItemProxy */;
			sourceTree = BUILT_PRODUCTS_DIR;
		};
		6E79226F6AA77C6B786D7BCB /* librtc_base_approved.a */ = {
			isa = PBXReferenceProxy;
			fileType = archive.ar;
			path = librtc_base_approved.a;
			remoteRef = 63B0CB885AFDD107E702FDB6 /* PBXContainerItemProxy */;
			sourceTree = BUILT_PRODUCTS_DIR;
		};
		BC13904DF70EFCA56FEF5770 /* librtc_base.a */ = {
			isa = PBXReferenceProxy;
			fileType = archive.ar;
			path = librtc_base.a;
			remoteRef = F0003560A9484CDE44F16EE3 /* PBXContainerItemProxy */;
			sourceTree = BUILT_PRODUCTS_DIR;
		};
		F9EFA7CD6A8BDFD664252517 /* libexpat.a */ = {
			isa = PBXReferenceProxy;
			fileType = archive.ar;
			path = libexpat.a;
			remoteRef = E1BEA680B12213807C374883 /* PBXContainerItemProxy */;
			sourceTree = BUILT_PRODUCTS_DIR;
		};
/* End PBXReferenceProxy section */

/* Begin PBXSourcesBuildPhase section */
		0CE4981167FDD647CB3F98AC /* Sources */ = {
			isa = PBXSourcesBuildPhase;
			buildActionMask = 2147483647;
			files = (
				8EC4EAE67AF7068A5C383559 /* pseudotcpchannel.cc in Sources */,
				FC189DD678FF0B99014AA3B8 /* tunnelsessionclient.cc in Sources */,
				D0ED0540325B02BA8C5E059E /* securetunnelsessionclient.cc in Sources */,
				FD7B6570F7245678A369E229 /* audiomonitor.cc in Sources */,
				667F6D6E1D25CC378815B60A /* bundlefilter.cc in Sources */,
				3C992ADDEEF1BBA486744AAE /* call.cc in Sources */,
				AA917B6206B4E2B6688D1249 /* channel.cc in Sources */,
				E66B3C0FFADD604CA72D6C6F /* channelmanager.cc in Sources */,
				59DE7DE526FB08C178AA34D6 /* currentspeakermonitor.cc in Sources */,
				ADB1B45AF75DAC1FDECA1164 /* mediamessages.cc in Sources */,
				3D17D9861EE94C90732C7909 /* mediamonitor.cc in Sources */,
				9155687C2911A5D0AF49E002 /* mediarecorder.cc in Sources */,
				35B062A68F9E57D491FA7C6C /* mediasession.cc in Sources */,
				277E468116FF1AC98DF1D13A /* mediasessionclient.cc in Sources */,
				642804CFC306C6001F730775 /* rtcpmuxfilter.cc in Sources */,
				E19515385DBC8A47696A2D08 /* soundclip.cc in Sources */,
				13DA222DD4B1C370E3DC20E8 /* srtpfilter.cc in Sources */,
				7EC5120CC76738041842C364 /* typingmonitor.cc in Sources */,
			);
			runOnlyForDeploymentPostprocessing = 0;
		};
		1EAA1930A2D5160D285FBFBE /* Sources */ = {
			isa = PBXSourcesBuildPhase;
			buildActionMask = 2147483647;
			files = (
				98AE79DC00B4306272B6E7AC /* audiotrack.cc in Sources */,
				A0AAE8A2A25D5078204EBB3E /* audiotrackrenderer.cc in Sources */,
				B9F823BC50AAACDABECC9DE1 /* datachannel.cc in Sources */,
				488E72AC1FCD0C54806B65AF /* dtmfsender.cc in Sources */,
				CB20C9D9157BD46F1A238852 /* jsepicecandidate.cc in Sources */,
				3A72385541E56500D78388CC /* jsepsessiondescription.cc in Sources */,
				A2B81F935912AE5789AF005B /* localaudiosource.cc in Sources */,
				241714631DDF174D0239F73B /* mediaconstraintsinterface.cc in Sources */,
				291CA260BE2E4688AAA209DD /* mediastream.cc in Sources */,
				DB45420CDBEB70F52332229B /* mediastreamhandler.cc in Sources */,
				B31C99DBB1CD971EC047A114 /* mediastreamsignaling.cc in Sources */,
				1077FA574A2AF7270FB328BF /* peerconnection.cc in Sources */,
				63CC46B459DBD6C6C176BF54 /* peerconnectionfactory.cc in Sources */,
				51A0230685619F2D053943E6 /* portallocatorfactory.cc in Sources */,
				7F9BA54832BD05974BB382E7 /* remoteaudiosource.cc in Sources */,
				CDE4F237C07BDFD7ED9059E0 /* remotevideocapturer.cc in Sources */,
				41138E67C92C2BC89A1EE432 /* sctputils.cc in Sources */,
				2C0BC57E2720426E42A3902C /* statscollector.cc in Sources */,
				1CE246412BA52A87C00B02C7 /* videosource.cc in Sources */,
				39258D06E527C4789D13BE57 /* videotrack.cc in Sources */,
				C735B7AFE37F53D8FD910976 /* videotrackrenderers.cc in Sources */,
				0F9D733FE562797DA00A16FB /* webrtcsdp.cc in Sources */,
				9E62DC181EFE40C01FFE0CFA /* webrtcsession.cc in Sources */,
				B3F160C68A39AC63AECF7C64 /* webrtcsessiondescriptionfactory.cc in Sources */,
			);
			runOnlyForDeploymentPostprocessing = 0;
		};
		5865CC816F573C400E2F0DCC /* Sources */ = {
			isa = PBXSourcesBuildPhase;
			buildActionMask = 2147483647;
			files = (
				FF17FB7D500628354E5E6D06 /* capturemanager.cc in Sources */,
				C65A77C480F9D66F0937A504 /* capturerenderadapter.cc in Sources */,
				9B5804173804C528F60367F7 /* codec.cc in Sources */,
				B5F709F83E04C66350D18A2C /* constants.cc in Sources */,
				4E58F28D01C7EED0551B727F /* cpuid.cc in Sources */,
				65A81F07AC39DF1AEA2E2067 /* filemediaengine.cc in Sources */,
				BACC2C37072F7C62F1FF5726 /* mediaengine.cc in Sources */,
				A600FDE5D2C001181D1E4B84 /* rtpdataengine.cc in Sources */,
				1892D76AE0A5A19BCB1C8D22 /* rtpdump.cc in Sources */,
				917B9A91F3A38ED1712F161B /* rtputils.cc in Sources */,
				AB66FC6BDC813B00323B8E10 /* streamparams.cc in Sources */,
				FF1E0205FA709D843889B51B /* videoadapter.cc in Sources */,
				9924AB6BEBB7D65AFA94F429 /* videocapturer.cc in Sources */,
				1767317467C944D6425D8CD4 /* videocommon.cc in Sources */,
				9330C043888F985CA215F240 /* videoframe.cc in Sources */,
				8893FF638D11580F04CBCB49 /* yuvframegenerator.cc in Sources */,
				8986A01FF2AB594BEABAF523 /* devicemanager.cc in Sources */,
				62882E27C7AEA14FCE947C17 /* filevideocapturer.cc in Sources */,
				F3EA2FD60D53BC47CBD7828A /* yuvframescapturer.cc in Sources */,
				B32927EBA0C4BAC9F3011638 /* sctpdataengine.cc in Sources */,
				F6DFC110A1B306A8F6858CEC /* webrtcmediaengine.cc in Sources */,
				B4FF4C55DDB569C060F5DE13 /* webrtcpassthroughrender.cc in Sources */,
				D23B718CE5C5F525FB4A1D0A /* webrtctexturevideoframe.cc in Sources */,
				43FC2B24C9CDE4B47AB2AE3D /* webrtcvideocapturer.cc in Sources */,
				462B9CD0101CF038036B6FAE /* webrtcvideocapturerfactory.cc in Sources */,
				725D8D80A951079FB369B624 /* webrtcvideoengine.cc in Sources */,
				3697FD4AC24453422D6C5B03 /* webrtcvideoengine2.cc in Sources */,
				141E1764D2BFDCE08408F6DC /* webrtcvideoframe.cc in Sources */,
				A9426D0257B3360EDCDA222E /* webrtcvideoframefactory.cc in Sources */,
				682CAF8F12AC72DBCD709755 /* webrtcvoiceengine.cc in Sources */,
				18902F590A99DA4FE89BF283 /* macdeviceinfo.cc in Sources */,
				C51CDD1F1A406869F59B66D4 /* macdevicemanager.cc in Sources */,
				196A6189F8C10BB244B06415 /* macdevicemanagermm.mm in Sources */,
			);
			runOnlyForDeploymentPostprocessing = 0;
		};
/* End PBXSourcesBuildPhase section */

/* Begin PBXTargetDependency section */
		0452FE318F937154E72647D1 /* PBXTargetDependency */ = {
			isa = PBXTargetDependency;
			target = 6A37987E8B1CC501FC44DCFC /* libjingle */;
			targetProxy = C3AC1C6C7B2D52609BF815A2 /* PBXContainerItemProxy */;
		};
		0F45CF0A31A8E0BE0F60F4E9 /* PBXTargetDependency */ = {
			isa = PBXTargetDependency;
			target = 4A5819C3A2AFACB096EE0792 /* libjingle_peerconnection */;
			targetProxy = 48EF329925E24E2FD8B7C503 /* PBXContainerItemProxy */;
		};
		3A5C6CFADE0997585706D399 /* PBXTargetDependency */ = {
			isa = PBXTargetDependency;
			name = jsoncpp;
			targetProxy = 3157E7C0E18CB84395DFD587 /* PBXContainerItemProxy */;
		};
		3BE3D905637616341EC3A278 /* PBXTargetDependency */ = {
			isa = PBXTargetDependency;
			target = 4FBB32061B4704DEEE6D0A27 /* libjingle_media */;
			targetProxy = 20D471EEFB5ACE6C9F75427E /* PBXContainerItemProxy */;
		};
		447A6B2600B53F6A54C6EEBE /* PBXTargetDependency */ = {
			isa = PBXTargetDependency;
			target = 782E8193107BB38F530E75A6 /* libjingle_p2p */;
			targetProxy = 4489E5CA53A2A1EE0D1128B9 /* PBXContainerItemProxy */;
		};
		6EDFEB04CFB958F26EBFFD4B /* PBXTargetDependency */ = {
			isa = PBXTargetDependency;
			target = 6A37987E8B1CC501FC44DCFC /* libjingle */;
			targetProxy = A9A4F99DF51948F9283E2038 /* PBXContainerItemProxy */;
		};
		7E41ABC7ECAD38EA0AC29DD2 /* PBXTargetDependency */ = {
			isa = PBXTargetDependency;
			name = rtc_base;
			targetProxy = 2D691A8278BCCC3F8D79B3D2 /* PBXContainerItemProxy */;
		};
		C88A72734C3E78E0F1FCEBAC /* PBXTargetDependency */ = {
			isa = PBXTargetDependency;
			target = 6A37987E8B1CC501FC44DCFC /* libjingle */;
			targetProxy = 1839EE6C29A8807A43227AD8 /* PBXContainerItemProxy */;
		};
		D876A8628064519AF8097F51 /* PBXTargetDependency */ = {
			isa = PBXTargetDependency;
			name = expat;
			targetProxy = AD0E322554E42C95814A4166 /* PBXContainerItemProxy */;
		};
		EE566DE1D9932FFB3756054D /* PBXTargetDependency */ = {
			isa = PBXTargetDependency;
			target = 6A37987E8B1CC501FC44DCFC /* libjingle */;
			targetProxy = 9EB4AA7B7381968E5038C097 /* PBXContainerItemProxy */;
		};
/* End PBXTargetDependency section */

/* Begin XCBuildConfiguration section */
		3DC1ED8169F14360B04E0826 /* Debug_Base */ = {
			isa = XCBuildConfiguration;
			buildSettings = {
				EXECUTABLE_PREFIX = lib;
				GCC_PREPROCESSOR_DEFINITIONS = (
					EXPAT_RELATIVE_PATH,
					FEATURE_ENABLE_VOICEMAIL,
					GTEST_RELATIVE_PATH,
					JSONCPP_RELATIVE_PATH,
					"LOGGING=1",
					SRTP_RELATIVE_PATH,
					FEATURE_ENABLE_SSL,
					FEATURE_ENABLE_PSTN,
					HAVE_SCTP,
					HAVE_SRTP,
					HAVE_WEBRTC_VIDEO,
					HAVE_WEBRTC_VOICE,
					USE_WEBRTC_DEV_BRANCH,
					"LIBPEERCONNECTION_LIB=1",
					OSX,
					WEBRTC_MAC,
					"CARBON_DEPRECATED=YES",
					"HASH_NAMESPACE=__gnu_cxx",
					POSIX,
					WEBRTC_POSIX,
					DISABLE_DYNAMIC_CAST,
					_REENTRANT,
					HAVE_INT16_T,
					HAVE_INT32_T,
					HAVE_INT8_T,
					HAVE_UINT16_T,
					HAVE_UINT32_T,
					HAVE_UINT64_T,
					HAVE_UINT8_T,
					HAVE_STDINT_H,
					HAVE_INTTYPES_H,
					HAVE_NETINET_IN_H,
					"INLINE=inline",
					CPU_CISC,
					XML_STATIC,
					_DEBUG,
				);
				HEADER_SEARCH_PATHS = (
					..,
					..,
					../third_party,
					../third_party/webrtc,
					../webrtc,
					../testing/gtest/include,
					../chromium/src/third_party/libsrtp/config,
					../chromium/src/third_party/libsrtp/srtp/include,
					../chromium/src/third_party/libsrtp/srtp/crypto/include,
					../chromium/src/third_party/expat/files/lib,
					../chromium/src/third_party/jsoncpp/overrides/include/,
					../chromium/src/third_party/jsoncpp/source/include/,
					../third_party/libyuv/include,
				);
				PRODUCT_NAME = jingle_p2p;
			};
			name = Debug_Base;
		};
		54C2C3694E8A69DEA19F72D6 /* Debug_Base */ = {
			isa = XCBuildConfiguration;
			buildSettings = {
				PRODUCT_NAME = All;
			};
			name = Debug_Base;
		};
		62716437AD9C86BF953FF45E /* Debug_Base */ = {
			isa = XCBuildConfiguration;
			buildSettings = {
				INTERMEDIATE_DIR = "$(PROJECT_DERIVED_FILE_DIR)/$(CONFIGURATION)";
				SHARED_INTERMEDIATE_DIR = "$(SYMROOT)/DerivedSources/$(CONFIGURATION)";
			};
			name = Debug_Base;
		};
		9C7B4843AFBF868E38CC4972 /* Debug_Base */ = {
			isa = XCBuildConfiguration;
			buildSettings = {
				EXECUTABLE_PREFIX = lib;
				GCC_PREPROCESSOR_DEFINITIONS = (
					EXPAT_RELATIVE_PATH,
					FEATURE_ENABLE_VOICEMAIL,
					GTEST_RELATIVE_PATH,
					JSONCPP_RELATIVE_PATH,
					"LOGGING=1",
					SRTP_RELATIVE_PATH,
					FEATURE_ENABLE_SSL,
					FEATURE_ENABLE_PSTN,
					HAVE_SCTP,
					HAVE_SRTP,
					HAVE_WEBRTC_VIDEO,
					HAVE_WEBRTC_VOICE,
					USE_WEBRTC_DEV_BRANCH,
					"LIBPEERCONNECTION_LIB=1",
					OSX,
					WEBRTC_MAC,
					"CARBON_DEPRECATED=YES",
					"HASH_NAMESPACE=__gnu_cxx",
					POSIX,
					WEBRTC_POSIX,
					DISABLE_DYNAMIC_CAST,
					_REENTRANT,
					XML_STATIC,
					_DEBUG,
				);
				HEADER_SEARCH_PATHS = (
					..,
					..,
					../third_party,
					../third_party/webrtc,
					../webrtc,
					../third_party/usrsctp,
					../chromium/src/third_party/libyuv/include,
					../chromium/src/third_party/libyuv,
					../chromium/src/third_party/usrsctp/usrsctplib/,
					../chromium/src/third_party/usrsctp/usrsctplib/netinet,
					../webrtc/system_wrappers/interface,
					../chromium/src/third_party/expat/files/lib,
					../chromium/src/third_party/jsoncpp/overrides/include/,
					../chromium/src/third_party/jsoncpp/source/include/,
				);
				PRODUCT_NAME = jingle_media;
				WARNING_CFLAGS = "-Wno-deprecated-declarations";
			};
			name = Debug_Base;
		};
		C026964E481A0CCE5BF8F6FC /* Debug_Base */ = {
			isa = XCBuildConfiguration;
			buildSettings = {
				GCC_PREPROCESSOR_DEFINITIONS = (
					EXPAT_RELATIVE_PATH,
					FEATURE_ENABLE_VOICEMAIL,
					GTEST_RELATIVE_PATH,
					JSONCPP_RELATIVE_PATH,
					"LOGGING=1",
					SRTP_RELATIVE_PATH,
					FEATURE_ENABLE_SSL,
					FEATURE_ENABLE_PSTN,
					HAVE_SCTP,
					HAVE_SRTP,
					HAVE_WEBRTC_VIDEO,
					HAVE_WEBRTC_VOICE,
					USE_WEBRTC_DEV_BRANCH,
					"LIBPEERCONNECTION_LIB=1",
					OSX,
					WEBRTC_MAC,
					"CARBON_DEPRECATED=YES",
					"HASH_NAMESPACE=__gnu_cxx",
					POSIX,
					WEBRTC_POSIX,
					DISABLE_DYNAMIC_CAST,
					_REENTRANT,
					XML_STATIC,
					SSL_USE_OPENSSL,
					HAVE_OPENSSL_SSL_H,
					_DEBUG,
				);
				HEADER_SEARCH_PATHS = (
					..,
					..,
					../third_party,
					../third_party/webrtc,
					../webrtc,
					../chromium/src/third_party/expat/files/lib,
					../chromium/src/third_party/jsoncpp/overrides/include/,
					../chromium/src/third_party/jsoncpp/source/include/,
				);
				PRODUCT_NAME = libjingle;
			};
			name = Debug_Base;
		};
		D59346DF790600B131BA5893 /* Debug_Base */ = {
			isa = XCBuildConfiguration;
			buildSettings = {
				EXECUTABLE_PREFIX = lib;
				GCC_PREPROCESSOR_DEFINITIONS = (
					EXPAT_RELATIVE_PATH,
					FEATURE_ENABLE_VOICEMAIL,
					GTEST_RELATIVE_PATH,
					JSONCPP_RELATIVE_PATH,
					"LOGGING=1",
					SRTP_RELATIVE_PATH,
					FEATURE_ENABLE_SSL,
					FEATURE_ENABLE_PSTN,
					HAVE_SCTP,
					HAVE_SRTP,
					HAVE_WEBRTC_VIDEO,
					HAVE_WEBRTC_VOICE,
					USE_WEBRTC_DEV_BRANCH,
					"LIBPEERCONNECTION_LIB=1",
					OSX,
					WEBRTC_MAC,
					"CARBON_DEPRECATED=YES",
					"HASH_NAMESPACE=__gnu_cxx",
					POSIX,
					WEBRTC_POSIX,
					DISABLE_DYNAMIC_CAST,
					_REENTRANT,
					XML_STATIC,
					_DEBUG,
				);
				HEADER_SEARCH_PATHS = (
					..,
					..,
					../third_party,
					../third_party/webrtc,
					../webrtc,
					../chromium/src/third_party/expat/files/lib,
					../chromium/src/third_party/jsoncpp/overrides/include/,
					../chromium/src/third_party/jsoncpp/source/include/,
					../third_party/libyuv/include,
					../testing/gtest/include,
				);
				PRODUCT_NAME = jingle_peerconnection;
			};
			name = Debug_Base;
		};
/* End XCBuildConfiguration section */

/* Begin XCConfigurationList section */
		0E2A2C857032F5ABABFAEE15 /* Build configuration list for PBXNativeTarget "libjingle_peerconnection" */ = {
			isa = XCConfigurationList;
			buildConfigurations = (
				D59346DF790600B131BA5893 /* Debug_Base */,
			);
			defaultConfigurationIsVisible = 1;
			defaultConfigurationName = Debug_Base;
		};
		138930F098D36083C6FF2668 /* Build configuration list for PBXAggregateTarget "All" */ = {
			isa = XCConfigurationList;
			buildConfigurations = (
				54C2C3694E8A69DEA19F72D6 /* Debug_Base */,
			);
			defaultConfigurationIsVisible = 1;
			defaultConfigurationName = Debug_Base;
		};
		1A13E7CCAE8DDDAE9D5EEB6A /* Build configuration list for PBXNativeTarget "libjingle_p2p" */ = {
			isa = XCConfigurationList;
			buildConfigurations = (
				3DC1ED8169F14360B04E0826 /* Debug_Base */,
			);
			defaultConfigurationIsVisible = 1;
			defaultConfigurationName = Debug_Base;
		};
		46736E7260368D20AF875BA0 /* Build configuration list for PBXNativeTarget "libjingle_media" */ = {
			isa = XCConfigurationList;
			buildConfigurations = (
				9C7B4843AFBF868E38CC4972 /* Debug_Base */,
			);
			defaultConfigurationIsVisible = 1;
			defaultConfigurationName = Debug_Base;
		};
		569DD1A96A4E0B46A0018B2D /* Build configuration list for PBXProject "libjingle" */ = {
			isa = XCConfigurationList;
			buildConfigurations = (
				62716437AD9C86BF953FF45E /* Debug_Base */,
			);
			defaultConfigurationIsVisible = 1;
			defaultConfigurationName = Debug_Base;
		};
		AD9595A9742286B54CA19AA6 /* Build configuration list for PBXAggregateTarget "libjingle" */ = {
			isa = XCConfigurationList;
			buildConfigurations = (
				C026964E481A0CCE5BF8F6FC /* Debug_Base */,
			);
			defaultConfigurationIsVisible = 1;
			defaultConfigurationName = Debug_Base;
		};
/* End XCConfigurationList section */
	};
	rootObject = 2B6EFE0C02DF1FCFE366491D /* Project object */;
}
